// !$*UTF8*$!
{
	archiveVersion = 1;
	classes = {
	};
	objectVersion = 48;
	objects = {

/* Begin PBXBuildFile section */
		D70CD20E2227BED20088257C /* PKAudioWaveDisplayPlayer.mm in Sources */ = {isa = PBXBuildFile; fileRef = D70CD20D2227BED20088257C /* PKAudioWaveDisplayPlayer.mm */; };
		D70CD2112230CDE10088257C /* PKRealTimeAnalyzer.mm in Sources */ = {isa = PBXBuildFile; fileRef = D70CD2102230CDE00088257C /* PKRealTimeAnalyzer.mm */; };
		D7277515206C82210078CB44 /* AppDelegate.m in Sources */ = {isa = PBXBuildFile; fileRef = D7277514206C82210078CB44 /* AppDelegate.m */; };
		D727751D206C82210078CB44 /* Assets.xcassets in Resources */ = {isa = PBXBuildFile; fileRef = D727751C206C82210078CB44 /* Assets.xcassets */; };
		D7277520206C82210078CB44 /* LaunchScreen.storyboard in Resources */ = {isa = PBXBuildFile; fileRef = D727751E206C82210078CB44 /* LaunchScreen.storyboard */; };
		D7277523206C82210078CB44 /* main.m in Sources */ = {isa = PBXBuildFile; fileRef = D7277522206C82210078CB44 /* main.m */; };
		D727752D206C82220078CB44 /* PKPlayerTests.m in Sources */ = {isa = PBXBuildFile; fileRef = D727752C206C82220078CB44 /* PKPlayerTests.m */; };
		D7277538206C82220078CB44 /* PKPlayerUITests.m in Sources */ = {isa = PBXBuildFile; fileRef = D7277537206C82220078CB44 /* PKPlayerUITests.m */; };
		D727754A206C8A440078CB44 /* libz.tbd in Frameworks */ = {isa = PBXBuildFile; fileRef = D7277549206C8A440078CB44 /* libz.tbd */; };
		D727754C206C8A5B0078CB44 /* libbz2.tbd in Frameworks */ = {isa = PBXBuildFile; fileRef = D727754B206C8A5B0078CB44 /* libbz2.tbd */; };
		D727754E206C8A6A0078CB44 /* AudioToolbox.framework in Frameworks */ = {isa = PBXBuildFile; fileRef = D727754D206C8A6A0078CB44 /* AudioToolbox.framework */; };
		D7277550206C8A730078CB44 /* AVFoundation.framework in Frameworks */ = {isa = PBXBuildFile; fileRef = D727754F206C8A730078CB44 /* AVFoundation.framework */; };
		D7277552206C8A810078CB44 /* CoreGraphics.framework in Frameworks */ = {isa = PBXBuildFile; fileRef = D7277551206C8A810078CB44 /* CoreGraphics.framework */; };
		D7277554206C8A8C0078CB44 /* CoreMedia.framework in Frameworks */ = {isa = PBXBuildFile; fileRef = D7277553206C8A8C0078CB44 /* CoreMedia.framework */; };
		D7277556206C8A970078CB44 /* CoreVideo.framework in Frameworks */ = {isa = PBXBuildFile; fileRef = D7277555206C8A970078CB44 /* CoreVideo.framework */; };
		D7277558206C8AB80078CB44 /* MediaPlayer.framework in Frameworks */ = {isa = PBXBuildFile; fileRef = D7277557206C8AB80078CB44 /* MediaPlayer.framework */; };
		D727755A206C8AC40078CB44 /* MobileCoreServices.framework in Frameworks */ = {isa = PBXBuildFile; fileRef = D7277559206C8AC40078CB44 /* MobileCoreServices.framework */; };
		D727755C206C8ACF0078CB44 /* OpenGLES.framework in Frameworks */ = {isa = PBXBuildFile; fileRef = D727755B206C8ACF0078CB44 /* OpenGLES.framework */; };
		D727755E206C8ADC0078CB44 /* QuartzCore.framework in Frameworks */ = {isa = PBXBuildFile; fileRef = D727755D206C8ADB0078CB44 /* QuartzCore.framework */; };
		D7277560206C8AE70078CB44 /* UIKit.framework in Frameworks */ = {isa = PBXBuildFile; fileRef = D727755F206C8AE70078CB44 /* UIKit.framework */; };
		D7277562206C8AF20078CB44 /* VideoToolbox.framework in Frameworks */ = {isa = PBXBuildFile; fileRef = D7277561206C8AF10078CB44 /* VideoToolbox.framework */; };
		D7277564206C8B3F0078CB44 /* libc++.tbd in Frameworks */ = {isa = PBXBuildFile; fileRef = D7277563206C8B3F0078CB44 /* libc++.tbd */; };
		D7277566206C8B4D0078CB44 /* libstdc++.tbd in Frameworks */ = {isa = PBXBuildFile; fileRef = D7277565206C8B4D0078CB44 /* libstdc++.tbd */; };
		D727756A206CEE9B0078CB44 /* PKBaseViewController.m in Sources */ = {isa = PBXBuildFile; fileRef = D7277569206CEE9B0078CB44 /* PKBaseViewController.m */; };
		D727756E206D03290078CB44 /* PKMainViewController.m in Sources */ = {isa = PBXBuildFile; fileRef = D727756D206D03290078CB44 /* PKMainViewController.m */; };
		D7277571206D28140078CB44 /* PKMainViewTableViewCell.m in Sources */ = {isa = PBXBuildFile; fileRef = D7277570206D28140078CB44 /* PKMainViewTableViewCell.m */; };
		D7277577206E0E0C0078CB44 /* PKLocalFileViewController.m in Sources */ = {isa = PBXBuildFile; fileRef = D7277576206E0E0C0078CB44 /* PKLocalFileViewController.m */; };
		D7277580206E239D0078CB44 /* PKNotificationDefine.m in Sources */ = {isa = PBXBuildFile; fileRef = D727757F206E239D0078CB44 /* PKNotificationDefine.m */; };
		D72775842071C3280078CB44 /* PKFileModel.m in Sources */ = {isa = PBXBuildFile; fileRef = D72775832071C3280078CB44 /* PKFileModel.m */; };
		D731C2C7228908EC007FC473 /* PKSpectrumView.m in Sources */ = {isa = PBXBuildFile; fileRef = D731C2C6228908EA007FC473 /* PKSpectrumView.m */; };
		D7662F2725D235790044EBEC /* AuidoTableViewCell.m in Sources */ = {isa = PBXBuildFile; fileRef = D7662F2625D235790044EBEC /* AuidoTableViewCell.m */; };
		D779807E25D22D4300375EE4 /* AudioExportViewController.m in Sources */ = {isa = PBXBuildFile; fileRef = D779807D25D22D4300375EE4 /* AudioExportViewController.m */; };
		D779808725D22DB300375EE4 /* TVBVideoMusicExportSession.m in Sources */ = {isa = PBXBuildFile; fileRef = D779808625D22DB000375EE4 /* TVBVideoMusicExportSession.m */; };
		D77C516320F23B42005CC2A3 /* libavutil.a in Frameworks */ = {isa = PBXBuildFile; fileRef = D77C515C20F23B42005CC2A3 /* libavutil.a */; };
		D77C516420F23B42005CC2A3 /* libavfilter.a in Frameworks */ = {isa = PBXBuildFile; fileRef = D77C515D20F23B42005CC2A3 /* libavfilter.a */; };
		D77C516520F23B42005CC2A3 /* libavcodec.a in Frameworks */ = {isa = PBXBuildFile; fileRef = D77C515E20F23B42005CC2A3 /* libavcodec.a */; };
		D77C516620F23B42005CC2A3 /* libavformat.a in Frameworks */ = {isa = PBXBuildFile; fileRef = D77C515F20F23B42005CC2A3 /* libavformat.a */; };
		D77C516720F23B42005CC2A3 /* libavdevice.a in Frameworks */ = {isa = PBXBuildFile; fileRef = D77C516020F23B42005CC2A3 /* libavdevice.a */; };
		D77C516820F23B42005CC2A3 /* libswresample.a in Frameworks */ = {isa = PBXBuildFile; fileRef = D77C516120F23B42005CC2A3 /* libswresample.a */; };
		D77C516920F23B42005CC2A3 /* libswscale.a in Frameworks */ = {isa = PBXBuildFile; fileRef = D77C516220F23B42005CC2A3 /* libswscale.a */; };
		D7BC9198209C8E47008044AE /* PKLocalFileCollectionViewCell.m in Sources */ = {isa = PBXBuildFile; fileRef = D7BC9197209C8E47008044AE /* PKLocalFileCollectionViewCell.m */; };
		D7BC919B20A17D5F008044AE /* PKFilePhotoSourceService.m in Sources */ = {isa = PBXBuildFile; fileRef = D7BC919A20A17D5F008044AE /* PKFilePhotoSourceService.m */; };
		D7BC919F20A2A3D2008044AE /* PKImageCoder.m in Sources */ = {isa = PBXBuildFile; fileRef = D7BC919E20A2A3D2008044AE /* PKImageCoder.m */; };
		D7BC91B120A5700C008044AE /* WebP.framework in Frameworks */ = {isa = PBXBuildFile; fileRef = D7BC91B020A5700C008044AE /* WebP.framework */; };
		D7BC91B620A9396E008044AE /* PKiTunesScanService.m in Sources */ = {isa = PBXBuildFile; fileRef = D7BC91B420A9396E008044AE /* PKiTunesScanService.m */; };
		D7BC91B920A94322008044AE /* PKFileDefine.m in Sources */ = {isa = PBXBuildFile; fileRef = D7BC91B820A94322008044AE /* PKFileDefine.m */; };
		D7D53E6824FF7A8200CD65EC /* LFAudioCapture.m in Sources */ = {isa = PBXBuildFile; fileRef = D7D53E6424FF7A8100CD65EC /* LFAudioCapture.m */; };
		D7D53E6924FF7A8200CD65EC /* LFLiveAudioConfiguration.m in Sources */ = {isa = PBXBuildFile; fileRef = D7D53E6624FF7A8200CD65EC /* LFLiveAudioConfiguration.m */; };
		D7D7CA7C236FFC6700AEA417 /* PKFlexMainViewController.m in Sources */ = {isa = PBXBuildFile; fileRef = D7D7CA7B236FFC6700AEA417 /* PKFlexMainViewController.m */; };
		D7D7CA842371516200AEA417 /* PKFrameViewController.m in Sources */ = {isa = PBXBuildFile; fileRef = D7D7CA832371516200AEA417 /* PKFrameViewController.m */; };
		D7D7CA86237151A400AEA417 /* FrameVC.xml in Resources */ = {isa = PBXBuildFile; fileRef = D7D7CA85237151A400AEA417 /* FrameVC.xml */; };
		D7D7CA88237154D900AEA417 /* system.style in Resources */ = {isa = PBXBuildFile; fileRef = D7D7CA87237154D900AEA417 /* system.style */; };
		D7D7CA8E237158AA00AEA417 /* PKFlexMainViewController.xml in Resources */ = {isa = PBXBuildFile; fileRef = D7D7CA8D237158A900AEA417 /* PKFlexMainViewController.xml */; };
		D7DD095422169B1F0020FECC /* PKUtilities.m in Sources */ = {isa = PBXBuildFile; fileRef = D7DD095322169B1F0020FECC /* PKUtilities.m */; };
		D7E3111024D977780086D68D /* PKRecordViewController.m in Sources */ = {isa = PBXBuildFile; fileRef = D7E3110F24D977780086D68D /* PKRecordViewController.m */; };
		D7E3111324D980490086D68D /* PKAudioRecordService.m in Sources */ = {isa = PBXBuildFile; fileRef = D7E3111224D980490086D68D /* PKAudioRecordService.m */; };
		D7FC717C209758FF000AA2A5 /* libmp3lame.a in Frameworks */ = {isa = PBXBuildFile; fileRef = D7FC717B209758FF000AA2A5 /* libmp3lame.a */; };
		D7FC718020975939000AA2A5 /* mp3_encoder.cpp in Sources */ = {isa = PBXBuildFile; fileRef = D7FC717E20975939000AA2A5 /* mp3_encoder.cpp */; };
		F827FCE656B8C227A1BD3F77 /* libPods-PKPlayer.a in Frameworks */ = {isa = PBXBuildFile; fileRef = 0D0CB9E7FD36F660C9B4C893 /* libPods-PKPlayer.a */; };
/* End PBXBuildFile section */

/* Begin PBXContainerItemProxy section */
		D7277529206C82220078CB44 /* PBXContainerItemProxy */ = {
			isa = PBXContainerItemProxy;
			containerPortal = D7277508206C82210078CB44 /* Project object */;
			proxyType = 1;
			remoteGlobalIDString = D727750F206C82210078CB44;
			remoteInfo = PKPlayer;
		};
		D7277534206C82220078CB44 /* PBXContainerItemProxy */ = {
			isa = PBXContainerItemProxy;
			containerPortal = D7277508206C82210078CB44 /* Project object */;
			proxyType = 1;
			remoteGlobalIDString = D727750F206C82210078CB44;
			remoteInfo = PKPlayer;
		};
/* End PBXContainerItemProxy section */

/* Begin PBXFileReference section */
		0D0CB9E7FD36F660C9B4C893 /* libPods-PKPlayer.a */ = {isa = PBXFileReference; explicitFileType = archive.ar; includeInIndex = 0; path = "libPods-PKPlayer.a"; sourceTree = BUILT_PRODUCTS_DIR; };
		388C1DD0EA00D320FFD18531 /* Pods-PKPlayer.debug.xcconfig */ = {isa = PBXFileReference; includeInIndex = 1; lastKnownFileType = text.xcconfig; name = "Pods-PKPlayer.debug.xcconfig"; path = "Pods/Target Support Files/Pods-PKPlayer/Pods-PKPlayer.debug.xcconfig"; sourceTree = "<group>"; };
		98FCB6352CFCC367E0620FCB /* Pods-PKPlayer.release.xcconfig */ = {isa = PBXFileReference; includeInIndex = 1; lastKnownFileType = text.xcconfig; name = "Pods-PKPlayer.release.xcconfig"; path = "Pods/Target Support Files/Pods-PKPlayer/Pods-PKPlayer.release.xcconfig"; sourceTree = "<group>"; };
		D70CD20C2227BED20088257C /* PKAudioWaveDisplayPlayer.h */ = {isa = PBXFileReference; lastKnownFileType = sourcecode.c.h; path = PKAudioWaveDisplayPlayer.h; sourceTree = "<group>"; };
		D70CD20D2227BED20088257C /* PKAudioWaveDisplayPlayer.mm */ = {isa = PBXFileReference; lastKnownFileType = sourcecode.cpp.objcpp; path = PKAudioWaveDisplayPlayer.mm; sourceTree = "<group>"; };
		D70CD20F2230CDE00088257C /* PKRealTimeAnalyzer.h */ = {isa = PBXFileReference; lastKnownFileType = sourcecode.c.h; path = PKRealTimeAnalyzer.h; sourceTree = "<group>"; };
		D70CD2102230CDE00088257C /* PKRealTimeAnalyzer.mm */ = {isa = PBXFileReference; lastKnownFileType = sourcecode.cpp.objcpp; path = PKRealTimeAnalyzer.mm; sourceTree = "<group>"; };
		D7277510206C82210078CB44 /* PKPlayer.app */ = {isa = PBXFileReference; explicitFileType = wrapper.application; includeInIndex = 0; path = PKPlayer.app; sourceTree = BUILT_PRODUCTS_DIR; };
		D7277513206C82210078CB44 /* AppDelegate.h */ = {isa = PBXFileReference; lastKnownFileType = sourcecode.c.h; path = AppDelegate.h; sourceTree = "<group>"; };
		D7277514206C82210078CB44 /* AppDelegate.m */ = {isa = PBXFileReference; lastKnownFileType = sourcecode.c.objc; path = AppDelegate.m; sourceTree = "<group>"; };
		D727751C206C82210078CB44 /* Assets.xcassets */ = {isa = PBXFileReference; lastKnownFileType = folder.assetcatalog; path = Assets.xcassets; sourceTree = "<group>"; };
		D727751F206C82210078CB44 /* Base */ = {isa = PBXFileReference; lastKnownFileType = file.storyboard; name = Base; path = Base.lproj/LaunchScreen.storyboard; sourceTree = "<group>"; };
		D7277521206C82210078CB44 /* Info.plist */ = {isa = PBXFileReference; lastKnownFileType = text.plist.xml; path = Info.plist; sourceTree = "<group>"; };
		D7277522206C82210078CB44 /* main.m */ = {isa = PBXFileReference; lastKnownFileType = sourcecode.c.objc; path = main.m; sourceTree = "<group>"; };
		D7277528206C82220078CB44 /* PKPlayerTests.xctest */ = {isa = PBXFileReference; explicitFileType = wrapper.cfbundle; includeInIndex = 0; path = PKPlayerTests.xctest; sourceTree = BUILT_PRODUCTS_DIR; };
		D727752C206C82220078CB44 /* PKPlayerTests.m */ = {isa = PBXFileReference; lastKnownFileType = sourcecode.c.objc; path = PKPlayerTests.m; sourceTree = "<group>"; };
		D727752E206C82220078CB44 /* Info.plist */ = {isa = PBXFileReference; lastKnownFileType = text.plist.xml; path = Info.plist; sourceTree = "<group>"; };
		D7277533206C82220078CB44 /* PKPlayerUITests.xctest */ = {isa = PBXFileReference; explicitFileType = wrapper.cfbundle; includeInIndex = 0; path = PKPlayerUITests.xctest; sourceTree = BUILT_PRODUCTS_DIR; };
		D7277537206C82220078CB44 /* PKPlayerUITests.m */ = {isa = PBXFileReference; lastKnownFileType = sourcecode.c.objc; path = PKPlayerUITests.m; sourceTree = "<group>"; };
		D7277539206C82220078CB44 /* Info.plist */ = {isa = PBXFileReference; lastKnownFileType = text.plist.xml; path = Info.plist; sourceTree = "<group>"; };
		D7277549206C8A440078CB44 /* libz.tbd */ = {isa = PBXFileReference; lastKnownFileType = "sourcecode.text-based-dylib-definition"; name = libz.tbd; path = usr/lib/libz.tbd; sourceTree = SDKROOT; };
		D727754B206C8A5B0078CB44 /* libbz2.tbd */ = {isa = PBXFileReference; lastKnownFileType = "sourcecode.text-based-dylib-definition"; name = libbz2.tbd; path = usr/lib/libbz2.tbd; sourceTree = SDKROOT; };
		D727754D206C8A6A0078CB44 /* AudioToolbox.framework */ = {isa = PBXFileReference; lastKnownFileType = wrapper.framework; name = AudioToolbox.framework; path = System/Library/Frameworks/AudioToolbox.framework; sourceTree = SDKROOT; };
		D727754F206C8A730078CB44 /* AVFoundation.framework */ = {isa = PBXFileReference; lastKnownFileType = wrapper.framework; name = AVFoundation.framework; path = System/Library/Frameworks/AVFoundation.framework; sourceTree = SDKROOT; };
		D7277551206C8A810078CB44 /* CoreGraphics.framework */ = {isa = PBXFileReference; lastKnownFileType = wrapper.framework; name = CoreGraphics.framework; path = System/Library/Frameworks/CoreGraphics.framework; sourceTree = SDKROOT; };
		D7277553206C8A8C0078CB44 /* CoreMedia.framework */ = {isa = PBXFileReference; lastKnownFileType = wrapper.framework; name = CoreMedia.framework; path = System/Library/Frameworks/CoreMedia.framework; sourceTree = SDKROOT; };
		D7277555206C8A970078CB44 /* CoreVideo.framework */ = {isa = PBXFileReference; lastKnownFileType = wrapper.framework; name = CoreVideo.framework; path = System/Library/Frameworks/CoreVideo.framework; sourceTree = SDKROOT; };
		D7277557206C8AB80078CB44 /* MediaPlayer.framework */ = {isa = PBXFileReference; lastKnownFileType = wrapper.framework; name = MediaPlayer.framework; path = System/Library/Frameworks/MediaPlayer.framework; sourceTree = SDKROOT; };
		D7277559206C8AC40078CB44 /* MobileCoreServices.framework */ = {isa = PBXFileReference; lastKnownFileType = wrapper.framework; name = MobileCoreServices.framework; path = System/Library/Frameworks/MobileCoreServices.framework; sourceTree = SDKROOT; };
		D727755B206C8ACF0078CB44 /* OpenGLES.framework */ = {isa = PBXFileReference; lastKnownFileType = wrapper.framework; name = OpenGLES.framework; path = System/Library/Frameworks/OpenGLES.framework; sourceTree = SDKROOT; };
		D727755D206C8ADB0078CB44 /* QuartzCore.framework */ = {isa = PBXFileReference; lastKnownFileType = wrapper.framework; name = QuartzCore.framework; path = System/Library/Frameworks/QuartzCore.framework; sourceTree = SDKROOT; };
		D727755F206C8AE70078CB44 /* UIKit.framework */ = {isa = PBXFileReference; lastKnownFileType = wrapper.framework; name = UIKit.framework; path = System/Library/Frameworks/UIKit.framework; sourceTree = SDKROOT; };
		D7277561206C8AF10078CB44 /* VideoToolbox.framework */ = {isa = PBXFileReference; lastKnownFileType = wrapper.framework; name = VideoToolbox.framework; path = System/Library/Frameworks/VideoToolbox.framework; sourceTree = SDKROOT; };
		D7277563206C8B3F0078CB44 /* libc++.tbd */ = {isa = PBXFileReference; lastKnownFileType = "sourcecode.text-based-dylib-definition"; name = "libc++.tbd"; path = "usr/lib/libc++.tbd"; sourceTree = SDKROOT; };
		D7277565206C8B4D0078CB44 /* libstdc++.tbd */ = {isa = PBXFileReference; lastKnownFileType = "sourcecode.text-based-dylib-definition"; name = "libstdc++.tbd"; path = "usr/lib/libstdc++.tbd"; sourceTree = SDKROOT; };
		D7277568206CEE9B0078CB44 /* PKBaseViewController.h */ = {isa = PBXFileReference; lastKnownFileType = sourcecode.c.h; path = PKBaseViewController.h; sourceTree = "<group>"; };
		D7277569206CEE9B0078CB44 /* PKBaseViewController.m */ = {isa = PBXFileReference; lastKnownFileType = sourcecode.c.objc; path = PKBaseViewController.m; sourceTree = "<group>"; };
		D727756C206D03290078CB44 /* PKMainViewController.h */ = {isa = PBXFileReference; lastKnownFileType = sourcecode.c.h; path = PKMainViewController.h; sourceTree = "<group>"; };
		D727756D206D03290078CB44 /* PKMainViewController.m */ = {isa = PBXFileReference; lastKnownFileType = sourcecode.c.objc; path = PKMainViewController.m; sourceTree = "<group>"; };
		D727756F206D28140078CB44 /* PKMainViewTableViewCell.h */ = {isa = PBXFileReference; lastKnownFileType = sourcecode.c.h; path = PKMainViewTableViewCell.h; sourceTree = "<group>"; };
		D7277570206D28140078CB44 /* PKMainViewTableViewCell.m */ = {isa = PBXFileReference; lastKnownFileType = sourcecode.c.objc; path = PKMainViewTableViewCell.m; sourceTree = "<group>"; };
		D7277572206DD99C0078CB44 /* PrefixHeader.pch */ = {isa = PBXFileReference; lastKnownFileType = sourcecode.c.h; path = PrefixHeader.pch; sourceTree = "<group>"; };
		D7277575206E0E0C0078CB44 /* PKLocalFileViewController.h */ = {isa = PBXFileReference; lastKnownFileType = sourcecode.c.h; path = PKLocalFileViewController.h; sourceTree = "<group>"; };
		D7277576206E0E0C0078CB44 /* PKLocalFileViewController.m */ = {isa = PBXFileReference; lastKnownFileType = sourcecode.c.objc; path = PKLocalFileViewController.m; sourceTree = "<group>"; };
		D727757E206E239D0078CB44 /* PKNotificationDefine.h */ = {isa = PBXFileReference; lastKnownFileType = sourcecode.c.h; path = PKNotificationDefine.h; sourceTree = "<group>"; };
		D727757F206E239D0078CB44 /* PKNotificationDefine.m */ = {isa = PBXFileReference; lastKnownFileType = sourcecode.c.objc; path = PKNotificationDefine.m; sourceTree = "<group>"; };
		D72775822071C3280078CB44 /* PKFileModel.h */ = {isa = PBXFileReference; lastKnownFileType = sourcecode.c.h; path = PKFileModel.h; sourceTree = "<group>"; };
		D72775832071C3280078CB44 /* PKFileModel.m */ = {isa = PBXFileReference; lastKnownFileType = sourcecode.c.objc; path = PKFileModel.m; sourceTree = "<group>"; };
		D731C2C5228908EA007FC473 /* PKSpectrumView.h */ = {isa = PBXFileReference; lastKnownFileType = sourcecode.c.h; path = PKSpectrumView.h; sourceTree = "<group>"; };
		D731C2C6228908EA007FC473 /* PKSpectrumView.m */ = {isa = PBXFileReference; lastKnownFileType = sourcecode.c.objc; path = PKSpectrumView.m; sourceTree = "<group>"; };
		D7662F2525D235790044EBEC /* AuidoTableViewCell.h */ = {isa = PBXFileReference; lastKnownFileType = sourcecode.c.h; path = AuidoTableViewCell.h; sourceTree = "<group>"; };
		D7662F2625D235790044EBEC /* AuidoTableViewCell.m */ = {isa = PBXFileReference; lastKnownFileType = sourcecode.c.objc; path = AuidoTableViewCell.m; sourceTree = "<group>"; };
		D779807C25D22D4300375EE4 /* AudioExportViewController.h */ = {isa = PBXFileReference; lastKnownFileType = sourcecode.c.h; path = AudioExportViewController.h; sourceTree = "<group>"; };
		D779807D25D22D4300375EE4 /* AudioExportViewController.m */ = {isa = PBXFileReference; lastKnownFileType = sourcecode.c.objc; path = AudioExportViewController.m; sourceTree = "<group>"; };
		D779808525D22DAB00375EE4 /* TVBVideoMusicExportSession.h */ = {isa = PBXFileReference; fileEncoding = 4; lastKnownFileType = sourcecode.c.h; path = TVBVideoMusicExportSession.h; sourceTree = "<group>"; };
		D779808625D22DB000375EE4 /* TVBVideoMusicExportSession.m */ = {isa = PBXFileReference; fileEncoding = 4; lastKnownFileType = sourcecode.c.objc; path = TVBVideoMusicExportSession.m; sourceTree = "<group>"; };
		D77C50E820F23B3B005CC2A3 /* version.h */ = {isa = PBXFileReference; fileEncoding = 4; lastKnownFileType = sourcecode.c.h; path = version.h; sourceTree = "<group>"; };
		D77C50E920F23B3B005CC2A3 /* buffersrc.h */ = {isa = PBXFileReference; fileEncoding = 4; lastKnownFileType = sourcecode.c.h; path = buffersrc.h; sourceTree = "<group>"; };
		D77C50EA20F23B3B005CC2A3 /* buffersink.h */ = {isa = PBXFileReference; fileEncoding = 4; lastKnownFileType = sourcecode.c.h; path = buffersink.h; sourceTree = "<group>"; };
		D77C50EB20F23B3B005CC2A3 /* avfilter.h */ = {isa = PBXFileReference; fileEncoding = 4; lastKnownFileType = sourcecode.c.h; path = avfilter.h; sourceTree = "<group>"; };
		D77C50EC20F23B3B005CC2A3 /* avfiltergraph.h */ = {isa = PBXFileReference; fileEncoding = 4; lastKnownFileType = sourcecode.c.h; path = avfiltergraph.h; sourceTree = "<group>"; };
		D77C50EE20F23B3B005CC2A3 /* hwcontext.h */ = {isa = PBXFileReference; fileEncoding = 4; lastKnownFileType = sourcecode.c.h; path = hwcontext.h; sourceTree = "<group>"; };
		D77C50EF20F23B3B005CC2A3 /* time.h */ = {isa = PBXFileReference; fileEncoding = 4; lastKnownFileType = sourcecode.c.h; path = time.h; sourceTree = "<group>"; };
		D77C50F020F23B3B005CC2A3 /* hwcontext_cuda.h */ = {isa = PBXFileReference; fileEncoding = 4; lastKnownFileType = sourcecode.c.h; path = hwcontext_cuda.h; sourceTree = "<group>"; };
		D77C50F120F23B3B005CC2A3 /* intfloat.h */ = {isa = PBXFileReference; fileEncoding = 4; lastKnownFileType = sourcecode.c.h; path = intfloat.h; sourceTree = "<group>"; };
		D77C50F220F23B3B005CC2A3 /* error.h */ = {isa = PBXFileReference; fileEncoding = 4; lastKnownFileType = sourcecode.c.h; path = error.h; sourceTree = "<group>"; };
		D77C50F320F23B3B005CC2A3 /* fifo.h */ = {isa = PBXFileReference; fileEncoding = 4; lastKnownFileType = sourcecode.c.h; path = fifo.h; sourceTree = "<group>"; };
		D77C50F420F23B3B005CC2A3 /* blowfish.h */ = {isa = PBXFileReference; fileEncoding = 4; lastKnownFileType = sourcecode.c.h; path = blowfish.h; sourceTree = "<group>"; };
		D77C50F520F23B3B005CC2A3 /* replaygain.h */ = {isa = PBXFileReference; fileEncoding = 4; lastKnownFileType = sourcecode.c.h; path = replaygain.h; sourceTree = "<group>"; };
		D77C50F620F23B3B005CC2A3 /* version.h */ = {isa = PBXFileReference; fileEncoding = 4; lastKnownFileType = sourcecode.c.h; path = version.h; sourceTree = "<group>"; };
		D77C50F720F23B3B005CC2A3 /* murmur3.h */ = {isa = PBXFileReference; fileEncoding = 4; lastKnownFileType = sourcecode.c.h; path = murmur3.h; sourceTree = "<group>"; };
		D77C50F820F23B3B005CC2A3 /* stereo3d.h */ = {isa = PBXFileReference; fileEncoding = 4; lastKnownFileType = sourcecode.c.h; path = stereo3d.h; sourceTree = "<group>"; };
		D77C50F920F23B3B005CC2A3 /* samplefmt.h */ = {isa = PBXFileReference; fileEncoding = 4; lastKnownFileType = sourcecode.c.h; path = samplefmt.h; sourceTree = "<group>"; };
		D77C50FA20F23B3B005CC2A3 /* pixdesc.h */ = {isa = PBXFileReference; fileEncoding = 4; lastKnownFileType = sourcecode.c.h; path = pixdesc.h; sourceTree = "<group>"; };
		D77C50FB20F23B3B005CC2A3 /* base64.h */ = {isa = PBXFileReference; fileEncoding = 4; lastKnownFileType = sourcecode.c.h; path = base64.h; sourceTree = "<group>"; };
		D77C50FC20F23B3B005CC2A3 /* rational.h */ = {isa = PBXFileReference; fileEncoding = 4; lastKnownFileType = sourcecode.c.h; path = rational.h; sourceTree = "<group>"; };
		D77C50FD20F23B3B005CC2A3 /* sha.h */ = {isa = PBXFileReference; fileEncoding = 4; lastKnownFileType = sourcecode.c.h; path = sha.h; sourceTree = "<group>"; };
		D77C50FE20F23B3B005CC2A3 /* motion_vector.h */ = {isa = PBXFileReference; fileEncoding = 4; lastKnownFileType = sourcecode.c.h; path = motion_vector.h; sourceTree = "<group>"; };
		D77C50FF20F23B3B005CC2A3 /* avconfig.h */ = {isa = PBXFileReference; fileEncoding = 4; lastKnownFileType = sourcecode.c.h; path = avconfig.h; sourceTree = "<group>"; };
		D77C510020F23B3B005CC2A3 /* lfg.h */ = {isa = PBXFileReference; fileEncoding = 4; lastKnownFileType = sourcecode.c.h; path = lfg.h; sourceTree = "<group>"; };
		D77C510120F23B3B005CC2A3 /* avutil.h */ = {isa = PBXFileReference; fileEncoding = 4; lastKnownFileType = sourcecode.c.h; path = avutil.h; sourceTree = "<group>"; };
		D77C510220F23B3B005CC2A3 /* xtea.h */ = {isa = PBXFileReference; fileEncoding = 4; lastKnownFileType = sourcecode.c.h; path = xtea.h; sourceTree = "<group>"; };
		D77C510320F23B3B005CC2A3 /* crc.h */ = {isa = PBXFileReference; fileEncoding = 4; lastKnownFileType = sourcecode.c.h; path = crc.h; sourceTree = "<group>"; };
		D77C510420F23B3B005CC2A3 /* hwcontext_vdpau.h */ = {isa = PBXFileReference; fileEncoding = 4; lastKnownFileType = sourcecode.c.h; path = hwcontext_vdpau.h; sourceTree = "<group>"; };
		D77C510520F23B3B005CC2A3 /* frame.h */ = {isa = PBXFileReference; fileEncoding = 4; lastKnownFileType = sourcecode.c.h; path = frame.h; sourceTree = "<group>"; };
		D77C510620F23B3B005CC2A3 /* file.h */ = {isa = PBXFileReference; fileEncoding = 4; lastKnownFileType = sourcecode.c.h; path = file.h; sourceTree = "<group>"; };
		D77C510720F23B3B005CC2A3 /* md5.h */ = {isa = PBXFileReference; fileEncoding = 4; lastKnownFileType = sourcecode.c.h; path = md5.h; sourceTree = "<group>"; };
		D77C510820F23B3B005CC2A3 /* cast5.h */ = {isa = PBXFileReference; fileEncoding = 4; lastKnownFileType = sourcecode.c.h; path = cast5.h; sourceTree = "<group>"; };
		D77C510920F23B3B005CC2A3 /* hwcontext_vaapi.h */ = {isa = PBXFileReference; fileEncoding = 4; lastKnownFileType = sourcecode.c.h; path = hwcontext_vaapi.h; sourceTree = "<group>"; };
		D77C510A20F23B3B005CC2A3 /* spherical.h */ = {isa = PBXFileReference; fileEncoding = 4; lastKnownFileType = sourcecode.c.h; path = spherical.h; sourceTree = "<group>"; };
		D77C510B20F23B3B005CC2A3 /* ffversion.h */ = {isa = PBXFileReference; fileEncoding = 4; lastKnownFileType = sourcecode.c.h; path = ffversion.h; sourceTree = "<group>"; };
		D77C510C20F23B3B005CC2A3 /* audio_fifo.h */ = {isa = PBXFileReference; fileEncoding = 4; lastKnownFileType = sourcecode.c.h; path = audio_fifo.h; sourceTree = "<group>"; };
		D77C510D20F23B3B005CC2A3 /* tree.h */ = {isa = PBXFileReference; fileEncoding = 4; lastKnownFileType = sourcecode.c.h; path = tree.h; sourceTree = "<group>"; };
		D77C510E20F23B3B005CC2A3 /* threadmessage.h */ = {isa = PBXFileReference; fileEncoding = 4; lastKnownFileType = sourcecode.c.h; path = threadmessage.h; sourceTree = "<group>"; };
		D77C510F20F23B3B005CC2A3 /* attributes.h */ = {isa = PBXFileReference; fileEncoding = 4; lastKnownFileType = sourcecode.c.h; path = attributes.h; sourceTree = "<group>"; };
		D77C511020F23B3B005CC2A3 /* adler32.h */ = {isa = PBXFileReference; fileEncoding = 4; lastKnownFileType = sourcecode.c.h; path = adler32.h; sourceTree = "<group>"; };
		D77C511120F23B3B005CC2A3 /* hwcontext_d3d11va.h */ = {isa = PBXFileReference; fileEncoding = 4; lastKnownFileType = sourcecode.c.h; path = hwcontext_d3d11va.h; sourceTree = "<group>"; };
		D77C511220F23B3B005CC2A3 /* timecode.h */ = {isa = PBXFileReference; fileEncoding = 4; lastKnownFileType = sourcecode.c.h; path = timecode.h; sourceTree = "<group>"; };
		D77C511320F23B3B005CC2A3 /* sha512.h */ = {isa = PBXFileReference; fileEncoding = 4; lastKnownFileType = sourcecode.c.h; path = sha512.h; sourceTree = "<group>"; };
		D77C511420F23B3B005CC2A3 /* hwcontext_dxva2.h */ = {isa = PBXFileReference; fileEncoding = 4; lastKnownFileType = sourcecode.c.h; path = hwcontext_dxva2.h; sourceTree = "<group>"; };
		D77C511520F23B3B005CC2A3 /* display.h */ = {isa = PBXFileReference; fileEncoding = 4; lastKnownFileType = sourcecode.c.h; path = display.h; sourceTree = "<group>"; };
		D77C511620F23B3B005CC2A3 /* buffer.h */ = {isa = PBXFileReference; fileEncoding = 4; lastKnownFileType = sourcecode.c.h; path = buffer.h; sourceTree = "<group>"; };
		D77C511720F23B3B005CC2A3 /* camellia.h */ = {isa = PBXFileReference; fileEncoding = 4; lastKnownFileType = sourcecode.c.h; path = camellia.h; sourceTree = "<group>"; };
		D77C511820F23B3B005CC2A3 /* pixelutils.h */ = {isa = PBXFileReference; fileEncoding = 4; lastKnownFileType = sourcecode.c.h; path = pixelutils.h; sourceTree = "<group>"; };
		D77C511920F23B3B005CC2A3 /* hwcontext_drm.h */ = {isa = PBXFileReference; fileEncoding = 4; lastKnownFileType = sourcecode.c.h; path = hwcontext_drm.h; sourceTree = "<group>"; };
		D77C511A20F23B3B005CC2A3 /* common.h */ = {isa = PBXFileReference; fileEncoding = 4; lastKnownFileType = sourcecode.c.h; path = common.h; sourceTree = "<group>"; };
		D77C511B20F23B3B005CC2A3 /* hmac.h */ = {isa = PBXFileReference; fileEncoding = 4; lastKnownFileType = sourcecode.c.h; path = hmac.h; sourceTree = "<group>"; };
		D77C511C20F23B3B005CC2A3 /* eval.h */ = {isa = PBXFileReference; fileEncoding = 4; lastKnownFileType = sourcecode.c.h; path = eval.h; sourceTree = "<group>"; };
		D77C511D20F23B3B005CC2A3 /* dict.h */ = {isa = PBXFileReference; fileEncoding = 4; lastKnownFileType = sourcecode.c.h; path = dict.h; sourceTree = "<group>"; };
		D77C511E20F23B3B005CC2A3 /* random_seed.h */ = {isa = PBXFileReference; fileEncoding = 4; lastKnownFileType = sourcecode.c.h; path = random_seed.h; sourceTree = "<group>"; };
		D77C511F20F23B3B005CC2A3 /* opt.h */ = {isa = PBXFileReference; fileEncoding = 4; lastKnownFileType = sourcecode.c.h; path = opt.h; sourceTree = "<group>"; };
		D77C512020F23B3B005CC2A3 /* mastering_display_metadata.h */ = {isa = PBXFileReference; fileEncoding = 4; lastKnownFileType = sourcecode.c.h; path = mastering_display_metadata.h; sourceTree = "<group>"; };
		D77C512120F23B3B005CC2A3 /* log.h */ = {isa = PBXFileReference; fileEncoding = 4; lastKnownFileType = sourcecode.c.h; path = log.h; sourceTree = "<group>"; };
		D77C512220F23B3B005CC2A3 /* aes.h */ = {isa = PBXFileReference; fileEncoding = 4; lastKnownFileType = sourcecode.c.h; path = aes.h; sourceTree = "<group>"; };
		D77C512320F23B3B005CC2A3 /* macros.h */ = {isa = PBXFileReference; fileEncoding = 4; lastKnownFileType = sourcecode.c.h; path = macros.h; sourceTree = "<group>"; };
		D77C512420F23B3B005CC2A3 /* bswap.h */ = {isa = PBXFileReference; fileEncoding = 4; lastKnownFileType = sourcecode.c.h; path = bswap.h; sourceTree = "<group>"; };
		D77C512520F23B3B005CC2A3 /* rc4.h */ = {isa = PBXFileReference; fileEncoding = 4; lastKnownFileType = sourcecode.c.h; path = rc4.h; sourceTree = "<group>"; };
		D77C512620F23B3B005CC2A3 /* tea.h */ = {isa = PBXFileReference; fileEncoding = 4; lastKnownFileType = sourcecode.c.h; path = tea.h; sourceTree = "<group>"; };
		D77C512720F23B3B005CC2A3 /* cpu.h */ = {isa = PBXFileReference; fileEncoding = 4; lastKnownFileType = sourcecode.c.h; path = cpu.h; sourceTree = "<group>"; };
		D77C512820F23B3B005CC2A3 /* lzo.h */ = {isa = PBXFileReference; fileEncoding = 4; lastKnownFileType = sourcecode.c.h; path = lzo.h; sourceTree = "<group>"; };
		D77C512920F23B3B005CC2A3 /* des.h */ = {isa = PBXFileReference; fileEncoding = 4; lastKnownFileType = sourcecode.c.h; path = des.h; sourceTree = "<group>"; };
		D77C512A20F23B3B005CC2A3 /* channel_layout.h */ = {isa = PBXFileReference; fileEncoding = 4; lastKnownFileType = sourcecode.c.h; path = channel_layout.h; sourceTree = "<group>"; };
		D77C512B20F23B3B005CC2A3 /* twofish.h */ = {isa = PBXFileReference; fileEncoding = 4; lastKnownFileType = sourcecode.c.h; path = twofish.h; sourceTree = "<group>"; };
		D77C512C20F23B3B005CC2A3 /* imgutils.h */ = {isa = PBXFileReference; fileEncoding = 4; lastKnownFileType = sourcecode.c.h; path = imgutils.h; sourceTree = "<group>"; };
		D77C512D20F23B3B005CC2A3 /* hwcontext_videotoolbox.h */ = {isa = PBXFileReference; fileEncoding = 4; lastKnownFileType = sourcecode.c.h; path = hwcontext_videotoolbox.h; sourceTree = "<group>"; };
		D77C512E20F23B3B005CC2A3 /* mem.h */ = {isa = PBXFileReference; fileEncoding = 4; lastKnownFileType = sourcecode.c.h; path = mem.h; sourceTree = "<group>"; };
		D77C512F20F23B3B005CC2A3 /* parseutils.h */ = {isa = PBXFileReference; fileEncoding = 4; lastKnownFileType = sourcecode.c.h; path = parseutils.h; sourceTree = "<group>"; };
		D77C513020F23B3B005CC2A3 /* ripemd.h */ = {isa = PBXFileReference; fileEncoding = 4; lastKnownFileType = sourcecode.c.h; path = ripemd.h; sourceTree = "<group>"; };
		D77C513120F23B3B005CC2A3 /* bprint.h */ = {isa = PBXFileReference; fileEncoding = 4; lastKnownFileType = sourcecode.c.h; path = bprint.h; sourceTree = "<group>"; };
		D77C513220F23B3B005CC2A3 /* hwcontext_qsv.h */ = {isa = PBXFileReference; fileEncoding = 4; lastKnownFileType = sourcecode.c.h; path = hwcontext_qsv.h; sourceTree = "<group>"; };
		D77C513320F23B3B005CC2A3 /* pixfmt.h */ = {isa = PBXFileReference; fileEncoding = 4; lastKnownFileType = sourcecode.c.h; path = pixfmt.h; sourceTree = "<group>"; };
		D77C513420F23B3B005CC2A3 /* aes_ctr.h */ = {isa = PBXFileReference; fileEncoding = 4; lastKnownFileType = sourcecode.c.h; path = aes_ctr.h; sourceTree = "<group>"; };
		D77C513520F23B3B005CC2A3 /* timestamp.h */ = {isa = PBXFileReference; fileEncoding = 4; lastKnownFileType = sourcecode.c.h; path = timestamp.h; sourceTree = "<group>"; };
		D77C513620F23B3B005CC2A3 /* downmix_info.h */ = {isa = PBXFileReference; fileEncoding = 4; lastKnownFileType = sourcecode.c.h; path = downmix_info.h; sourceTree = "<group>"; };
		D77C513720F23B3B005CC2A3 /* avassert.h */ = {isa = PBXFileReference; fileEncoding = 4; lastKnownFileType = sourcecode.c.h; path = avassert.h; sourceTree = "<group>"; };
		D77C513820F23B3B005CC2A3 /* hash.h */ = {isa = PBXFileReference; fileEncoding = 4; lastKnownFileType = sourcecode.c.h; path = hash.h; sourceTree = "<group>"; };
		D77C513920F23B3B005CC2A3 /* mathematics.h */ = {isa = PBXFileReference; fileEncoding = 4; lastKnownFileType = sourcecode.c.h; path = mathematics.h; sourceTree = "<group>"; };
		D77C513A20F23B3B005CC2A3 /* intreadwrite.h */ = {isa = PBXFileReference; fileEncoding = 4; lastKnownFileType = sourcecode.c.h; path = intreadwrite.h; sourceTree = "<group>"; };
		D77C513B20F23B3B005CC2A3 /* avstring.h */ = {isa = PBXFileReference; fileEncoding = 4; lastKnownFileType = sourcecode.c.h; path = avstring.h; sourceTree = "<group>"; };
		D77C513D20F23B3B005CC2A3 /* version.h */ = {isa = PBXFileReference; fileEncoding = 4; lastKnownFileType = sourcecode.c.h; path = version.h; sourceTree = "<group>"; };
		D77C513E20F23B3B005CC2A3 /* avdevice.h */ = {isa = PBXFileReference; fileEncoding = 4; lastKnownFileType = sourcecode.c.h; path = avdevice.h; sourceTree = "<group>"; };
		D77C514020F23B3B005CC2A3 /* version.h */ = {isa = PBXFileReference; fileEncoding = 4; lastKnownFileType = sourcecode.c.h; path = version.h; sourceTree = "<group>"; };
		D77C514120F23B3B005CC2A3 /* avio.h */ = {isa = PBXFileReference; fileEncoding = 4; lastKnownFileType = sourcecode.c.h; path = avio.h; sourceTree = "<group>"; };
		D77C514220F23B3B005CC2A3 /* avformat.h */ = {isa = PBXFileReference; fileEncoding = 4; lastKnownFileType = sourcecode.c.h; path = avformat.h; sourceTree = "<group>"; };
		D77C514420F23B3B005CC2A3 /* version.h */ = {isa = PBXFileReference; fileEncoding = 4; lastKnownFileType = sourcecode.c.h; path = version.h; sourceTree = "<group>"; };
		D77C514520F23B3B005CC2A3 /* swscale.h */ = {isa = PBXFileReference; fileEncoding = 4; lastKnownFileType = sourcecode.c.h; path = swscale.h; sourceTree = "<group>"; };
		D77C514720F23B3B005CC2A3 /* avcodec.h */ = {isa = PBXFileReference; fileEncoding = 4; lastKnownFileType = sourcecode.c.h; path = avcodec.h; sourceTree = "<group>"; };
		D77C514820F23B3B005CC2A3 /* version.h */ = {isa = PBXFileReference; fileEncoding = 4; lastKnownFileType = sourcecode.c.h; path = version.h; sourceTree = "<group>"; };
		D77C514920F23B3B005CC2A3 /* vdpau.h */ = {isa = PBXFileReference; fileEncoding = 4; lastKnownFileType = sourcecode.c.h; path = vdpau.h; sourceTree = "<group>"; };
		D77C514A20F23B3B005CC2A3 /* qsv.h */ = {isa = PBXFileReference; fileEncoding = 4; lastKnownFileType = sourcecode.c.h; path = qsv.h; sourceTree = "<group>"; };
		D77C514B20F23B3B005CC2A3 /* vaapi.h */ = {isa = PBXFileReference; fileEncoding = 4; lastKnownFileType = sourcecode.c.h; path = vaapi.h; sourceTree = "<group>"; };
		D77C514C20F23B3B005CC2A3 /* videotoolbox.h */ = {isa = PBXFileReference; fileEncoding = 4; lastKnownFileType = sourcecode.c.h; path = videotoolbox.h; sourceTree = "<group>"; };
		D77C514D20F23B3B005CC2A3 /* xvmc.h */ = {isa = PBXFileReference; fileEncoding = 4; lastKnownFileType = sourcecode.c.h; path = xvmc.h; sourceTree = "<group>"; };
		D77C514E20F23B3B005CC2A3 /* mediacodec.h */ = {isa = PBXFileReference; fileEncoding = 4; lastKnownFileType = sourcecode.c.h; path = mediacodec.h; sourceTree = "<group>"; };
		D77C514F20F23B3B005CC2A3 /* d3d11va.h */ = {isa = PBXFileReference; fileEncoding = 4; lastKnownFileType = sourcecode.c.h; path = d3d11va.h; sourceTree = "<group>"; };
		D77C515020F23B3B005CC2A3 /* avfft.h */ = {isa = PBXFileReference; fileEncoding = 4; lastKnownFileType = sourcecode.c.h; path = avfft.h; sourceTree = "<group>"; };
		D77C515120F23B3B005CC2A3 /* vda.h */ = {isa = PBXFileReference; fileEncoding = 4; lastKnownFileType = sourcecode.c.h; path = vda.h; sourceTree = "<group>"; };
		D77C515220F23B3B005CC2A3 /* jni.h */ = {isa = PBXFileReference; fileEncoding = 4; lastKnownFileType = sourcecode.c.h; path = jni.h; sourceTree = "<group>"; };
		D77C515320F23B3B005CC2A3 /* dirac.h */ = {isa = PBXFileReference; fileEncoding = 4; lastKnownFileType = sourcecode.c.h; path = dirac.h; sourceTree = "<group>"; };
		D77C515420F23B3B005CC2A3 /* avdct.h */ = {isa = PBXFileReference; fileEncoding = 4; lastKnownFileType = sourcecode.c.h; path = avdct.h; sourceTree = "<group>"; };
		D77C515520F23B3B005CC2A3 /* vorbis_parser.h */ = {isa = PBXFileReference; fileEncoding = 4; lastKnownFileType = sourcecode.c.h; path = vorbis_parser.h; sourceTree = "<group>"; };
		D77C515620F23B3B005CC2A3 /* dxva2.h */ = {isa = PBXFileReference; fileEncoding = 4; lastKnownFileType = sourcecode.c.h; path = dxva2.h; sourceTree = "<group>"; };
		D77C515720F23B3B005CC2A3 /* dv_profile.h */ = {isa = PBXFileReference; fileEncoding = 4; lastKnownFileType = sourcecode.c.h; path = dv_profile.h; sourceTree = "<group>"; };
		D77C515920F23B3B005CC2A3 /* version.h */ = {isa = PBXFileReference; fileEncoding = 4; lastKnownFileType = sourcecode.c.h; path = version.h; sourceTree = "<group>"; };
		D77C515A20F23B3B005CC2A3 /* swresample.h */ = {isa = PBXFileReference; fileEncoding = 4; lastKnownFileType = sourcecode.c.h; path = swresample.h; sourceTree = "<group>"; };
		D77C515C20F23B42005CC2A3 /* libavutil.a */ = {isa = PBXFileReference; lastKnownFileType = archive.ar; path = libavutil.a; sourceTree = "<group>"; };
		D77C515D20F23B42005CC2A3 /* libavfilter.a */ = {isa = PBXFileReference; lastKnownFileType = archive.ar; path = libavfilter.a; sourceTree = "<group>"; };
		D77C515E20F23B42005CC2A3 /* libavcodec.a */ = {isa = PBXFileReference; lastKnownFileType = archive.ar; path = libavcodec.a; sourceTree = "<group>"; };
		D77C515F20F23B42005CC2A3 /* libavformat.a */ = {isa = PBXFileReference; lastKnownFileType = archive.ar; path = libavformat.a; sourceTree = "<group>"; };
		D77C516020F23B42005CC2A3 /* libavdevice.a */ = {isa = PBXFileReference; lastKnownFileType = archive.ar; path = libavdevice.a; sourceTree = "<group>"; };
		D77C516120F23B42005CC2A3 /* libswresample.a */ = {isa = PBXFileReference; lastKnownFileType = archive.ar; path = libswresample.a; sourceTree = "<group>"; };
		D77C516220F23B42005CC2A3 /* libswscale.a */ = {isa = PBXFileReference; lastKnownFileType = archive.ar; path = libswscale.a; sourceTree = "<group>"; };
		D7BC9196209C8E47008044AE /* PKLocalFileCollectionViewCell.h */ = {isa = PBXFileReference; lastKnownFileType = sourcecode.c.h; path = PKLocalFileCollectionViewCell.h; sourceTree = "<group>"; };
		D7BC9197209C8E47008044AE /* PKLocalFileCollectionViewCell.m */ = {isa = PBXFileReference; lastKnownFileType = sourcecode.c.objc; path = PKLocalFileCollectionViewCell.m; sourceTree = "<group>"; };
		D7BC919920A17D5F008044AE /* PKFilePhotoSourceService.h */ = {isa = PBXFileReference; lastKnownFileType = sourcecode.c.h; path = PKFilePhotoSourceService.h; sourceTree = "<group>"; };
		D7BC919A20A17D5F008044AE /* PKFilePhotoSourceService.m */ = {isa = PBXFileReference; lastKnownFileType = sourcecode.c.objc; path = PKFilePhotoSourceService.m; sourceTree = "<group>"; };
		D7BC919D20A2A3D2008044AE /* PKImageCoder.h */ = {isa = PBXFileReference; lastKnownFileType = sourcecode.c.h; path = PKImageCoder.h; sourceTree = "<group>"; };
		D7BC919E20A2A3D2008044AE /* PKImageCoder.m */ = {isa = PBXFileReference; lastKnownFileType = sourcecode.c.objc; path = PKImageCoder.m; sourceTree = "<group>"; };
		D7BC91B020A5700C008044AE /* WebP.framework */ = {isa = PBXFileReference; lastKnownFileType = wrapper.framework; path = WebP.framework; sourceTree = "<group>"; };
		D7BC91B420A9396E008044AE /* PKiTunesScanService.m */ = {isa = PBXFileReference; fileEncoding = 4; lastKnownFileType = sourcecode.c.objc; path = PKiTunesScanService.m; sourceTree = "<group>"; };
		D7BC91B520A9396E008044AE /* PKiTunesScanService.h */ = {isa = PBXFileReference; fileEncoding = 4; lastKnownFileType = sourcecode.c.h; path = PKiTunesScanService.h; sourceTree = "<group>"; };
		D7BC91B720A94322008044AE /* PKFileDefine.h */ = {isa = PBXFileReference; lastKnownFileType = sourcecode.c.h; path = PKFileDefine.h; sourceTree = "<group>"; };
		D7BC91B820A94322008044AE /* PKFileDefine.m */ = {isa = PBXFileReference; lastKnownFileType = sourcecode.c.objc; path = PKFileDefine.m; sourceTree = "<group>"; };
		D7D53E6424FF7A8100CD65EC /* LFAudioCapture.m */ = {isa = PBXFileReference; fileEncoding = 4; lastKnownFileType = sourcecode.c.objc; path = LFAudioCapture.m; sourceTree = "<group>"; };
		D7D53E6524FF7A8200CD65EC /* LFLiveAudioConfiguration.h */ = {isa = PBXFileReference; fileEncoding = 4; lastKnownFileType = sourcecode.c.h; path = LFLiveAudioConfiguration.h; sourceTree = "<group>"; };
		D7D53E6624FF7A8200CD65EC /* LFLiveAudioConfiguration.m */ = {isa = PBXFileReference; fileEncoding = 4; lastKnownFileType = sourcecode.c.objc; path = LFLiveAudioConfiguration.m; sourceTree = "<group>"; };
		D7D53E6724FF7A8200CD65EC /* LFAudioCapture.h */ = {isa = PBXFileReference; fileEncoding = 4; lastKnownFileType = sourcecode.c.h; path = LFAudioCapture.h; sourceTree = "<group>"; };
		D7D7CA7A236FFC6700AEA417 /* PKFlexMainViewController.h */ = {isa = PBXFileReference; lastKnownFileType = sourcecode.c.h; path = PKFlexMainViewController.h; sourceTree = "<group>"; };
		D7D7CA7B236FFC6700AEA417 /* PKFlexMainViewController.m */ = {isa = PBXFileReference; lastKnownFileType = sourcecode.c.objc; path = PKFlexMainViewController.m; sourceTree = "<group>"; };
		D7D7CA822371516200AEA417 /* PKFrameViewController.h */ = {isa = PBXFileReference; lastKnownFileType = sourcecode.c.h; path = PKFrameViewController.h; sourceTree = "<group>"; };
		D7D7CA832371516200AEA417 /* PKFrameViewController.m */ = {isa = PBXFileReference; lastKnownFileType = sourcecode.c.objc; path = PKFrameViewController.m; sourceTree = "<group>"; };
		D7D7CA85237151A400AEA417 /* FrameVC.xml */ = {isa = PBXFileReference; fileEncoding = 4; lastKnownFileType = text.xml; path = FrameVC.xml; sourceTree = "<group>"; };
		D7D7CA87237154D900AEA417 /* system.style */ = {isa = PBXFileReference; fileEncoding = 4; lastKnownFileType = text.xml; path = system.style; sourceTree = "<group>"; };
		D7D7CA8D237158A900AEA417 /* PKFlexMainViewController.xml */ = {isa = PBXFileReference; fileEncoding = 4; lastKnownFileType = text.xml; path = PKFlexMainViewController.xml; sourceTree = "<group>"; };
		D7DD095222169B1F0020FECC /* PKUtilities.h */ = {isa = PBXFileReference; lastKnownFileType = sourcecode.c.h; path = PKUtilities.h; sourceTree = "<group>"; };
		D7DD095322169B1F0020FECC /* PKUtilities.m */ = {isa = PBXFileReference; lastKnownFileType = sourcecode.c.objc; path = PKUtilities.m; sourceTree = "<group>"; };
		D7E3110E24D977780086D68D /* PKRecordViewController.h */ = {isa = PBXFileReference; lastKnownFileType = sourcecode.c.h; path = PKRecordViewController.h; sourceTree = "<group>"; };
		D7E3110F24D977780086D68D /* PKRecordViewController.m */ = {isa = PBXFileReference; lastKnownFileType = sourcecode.c.objc; path = PKRecordViewController.m; sourceTree = "<group>"; };
		D7E3111124D980480086D68D /* PKAudioRecordService.h */ = {isa = PBXFileReference; lastKnownFileType = sourcecode.c.h; path = PKAudioRecordService.h; sourceTree = "<group>"; };
		D7E3111224D980490086D68D /* PKAudioRecordService.m */ = {isa = PBXFileReference; lastKnownFileType = sourcecode.c.objc; path = PKAudioRecordService.m; sourceTree = "<group>"; };
		D7FC717B209758FF000AA2A5 /* libmp3lame.a */ = {isa = PBXFileReference; lastKnownFileType = archive.ar; path = libmp3lame.a; sourceTree = "<group>"; };
		D7FC717D2097591B000AA2A5 /* lame.h */ = {isa = PBXFileReference; fileEncoding = 4; lastKnownFileType = sourcecode.c.h; path = lame.h; sourceTree = "<group>"; };
		D7FC717E20975939000AA2A5 /* mp3_encoder.cpp */ = {isa = PBXFileReference; lastKnownFileType = sourcecode.cpp.cpp; path = mp3_encoder.cpp; sourceTree = "<group>"; };
		D7FC717F20975939000AA2A5 /* mp3_encoder.h */ = {isa = PBXFileReference; lastKnownFileType = sourcecode.c.h; path = mp3_encoder.h; sourceTree = "<group>"; };
/* End PBXFileReference section */

/* Begin PBXFrameworksBuildPhase section */
		D727750D206C82210078CB44 /* Frameworks */ = {
			isa = PBXFrameworksBuildPhase;
			buildActionMask = 2147483647;
			files = (
				D7277566206C8B4D0078CB44 /* libstdc++.tbd in Frameworks */,
				D77C516720F23B42005CC2A3 /* libavdevice.a in Frameworks */,
				D7277564206C8B3F0078CB44 /* libc++.tbd in Frameworks */,
				D7277562206C8AF20078CB44 /* VideoToolbox.framework in Frameworks */,
				D7FC717C209758FF000AA2A5 /* libmp3lame.a in Frameworks */,
				D7277560206C8AE70078CB44 /* UIKit.framework in Frameworks */,
				D77C516520F23B42005CC2A3 /* libavcodec.a in Frameworks */,
				D727755E206C8ADC0078CB44 /* QuartzCore.framework in Frameworks */,
				D7BC91B120A5700C008044AE /* WebP.framework in Frameworks */,
				D727755C206C8ACF0078CB44 /* OpenGLES.framework in Frameworks */,
				D727755A206C8AC40078CB44 /* MobileCoreServices.framework in Frameworks */,
				D7277558206C8AB80078CB44 /* MediaPlayer.framework in Frameworks */,
				D7277556206C8A970078CB44 /* CoreVideo.framework in Frameworks */,
				D7277554206C8A8C0078CB44 /* CoreMedia.framework in Frameworks */,
				D77C516620F23B42005CC2A3 /* libavformat.a in Frameworks */,
				D7277552206C8A810078CB44 /* CoreGraphics.framework in Frameworks */,
				D77C516920F23B42005CC2A3 /* libswscale.a in Frameworks */,
				D77C516820F23B42005CC2A3 /* libswresample.a in Frameworks */,
				D7277550206C8A730078CB44 /* AVFoundation.framework in Frameworks */,
				D727754E206C8A6A0078CB44 /* AudioToolbox.framework in Frameworks */,
				D727754C206C8A5B0078CB44 /* libbz2.tbd in Frameworks */,
				D77C516420F23B42005CC2A3 /* libavfilter.a in Frameworks */,
				D77C516320F23B42005CC2A3 /* libavutil.a in Frameworks */,
				D727754A206C8A440078CB44 /* libz.tbd in Frameworks */,
				F827FCE656B8C227A1BD3F77 /* libPods-PKPlayer.a in Frameworks */,
			);
			runOnlyForDeploymentPostprocessing = 0;
		};
		D7277525206C82220078CB44 /* Frameworks */ = {
			isa = PBXFrameworksBuildPhase;
			buildActionMask = 2147483647;
			files = (
			);
			runOnlyForDeploymentPostprocessing = 0;
		};
		D7277530206C82220078CB44 /* Frameworks */ = {
			isa = PBXFrameworksBuildPhase;
			buildActionMask = 2147483647;
			files = (
			);
			runOnlyForDeploymentPostprocessing = 0;
		};
/* End PBXFrameworksBuildPhase section */

/* Begin PBXGroup section */
		38B60C9206E8EC1BB4B15F40 /* Pods */ = {
			isa = PBXGroup;
			children = (
				388C1DD0EA00D320FFD18531 /* Pods-PKPlayer.debug.xcconfig */,
				98FCB6352CFCC367E0620FCB /* Pods-PKPlayer.release.xcconfig */,
			);
			name = Pods;
			sourceTree = "<group>";
		};
		D7277507206C82210078CB44 = {
			isa = PBXGroup;
			children = (
				D7277512206C82210078CB44 /* PKPlayer */,
				D727752B206C82220078CB44 /* PKPlayerTests */,
				D7277536206C82220078CB44 /* PKPlayerUITests */,
				D7277511206C82210078CB44 /* Products */,
				D7277548206C8A430078CB44 /* Frameworks */,
				38B60C9206E8EC1BB4B15F40 /* Pods */,
			);
			sourceTree = "<group>";
		};
		D7277511206C82210078CB44 /* Products */ = {
			isa = PBXGroup;
			children = (
				D7277510206C82210078CB44 /* PKPlayer.app */,
				D7277528206C82220078CB44 /* PKPlayerTests.xctest */,
				D7277533206C82220078CB44 /* PKPlayerUITests.xctest */,
			);
			name = Products;
			sourceTree = "<group>";
		};
		D7277512206C82210078CB44 /* PKPlayer */ = {
			isa = PBXGroup;
			children = (
				D7FC7178209758CB000AA2A5 /* common */,
				D727757C206E1E0D0078CB44 /* config */,
				D7277578206E10660078CB44 /* service */,
				D7277573206DDE920078CB44 /* models */,
				D7277567206CEC920078CB44 /* viewControllers */,
				D7277545206C82340078CB44 /* openSource */,
				D7D7CA8123714F2C00AEA417 /* res */,
				D7277513206C82210078CB44 /* AppDelegate.h */,
				D7277514206C82210078CB44 /* AppDelegate.m */,
				D727751C206C82210078CB44 /* Assets.xcassets */,
				D727751E206C82210078CB44 /* LaunchScreen.storyboard */,
				D7277521206C82210078CB44 /* Info.plist */,
				D7277522206C82210078CB44 /* main.m */,
				D7277572206DD99C0078CB44 /* PrefixHeader.pch */,
			);
			path = PKPlayer;
			sourceTree = "<group>";
		};
		D727752B206C82220078CB44 /* PKPlayerTests */ = {
			isa = PBXGroup;
			children = (
				D727752C206C82220078CB44 /* PKPlayerTests.m */,
				D727752E206C82220078CB44 /* Info.plist */,
			);
			path = PKPlayerTests;
			sourceTree = "<group>";
		};
		D7277536206C82220078CB44 /* PKPlayerUITests */ = {
			isa = PBXGroup;
			children = (
				D7277537206C82220078CB44 /* PKPlayerUITests.m */,
				D7277539206C82220078CB44 /* Info.plist */,
			);
			path = PKPlayerUITests;
			sourceTree = "<group>";
		};
		D7277545206C82340078CB44 /* openSource */ = {
			isa = PBXGroup;
			children = (
				D77C50E520F23B26005CC2A3 /* ffmpeg */,
				D7BC91AF20A56FE9008044AE /* webp */,
				D7FC717A209758F5000AA2A5 /* lame */,
			);
			path = openSource;
			sourceTree = "<group>";
		};
		D7277548206C8A430078CB44 /* Frameworks */ = {
			isa = PBXGroup;
			children = (
				D7277565206C8B4D0078CB44 /* libstdc++.tbd */,
				D7277563206C8B3F0078CB44 /* libc++.tbd */,
				D7277561206C8AF10078CB44 /* VideoToolbox.framework */,
				D727755F206C8AE70078CB44 /* UIKit.framework */,
				D727755D206C8ADB0078CB44 /* QuartzCore.framework */,
				D727755B206C8ACF0078CB44 /* OpenGLES.framework */,
				D7277559206C8AC40078CB44 /* MobileCoreServices.framework */,
				D7277557206C8AB80078CB44 /* MediaPlayer.framework */,
				D7277555206C8A970078CB44 /* CoreVideo.framework */,
				D7277553206C8A8C0078CB44 /* CoreMedia.framework */,
				D7277551206C8A810078CB44 /* CoreGraphics.framework */,
				D727754F206C8A730078CB44 /* AVFoundation.framework */,
				D727754D206C8A6A0078CB44 /* AudioToolbox.framework */,
				D727754B206C8A5B0078CB44 /* libbz2.tbd */,
				D7277549206C8A440078CB44 /* libz.tbd */,
				0D0CB9E7FD36F660C9B4C893 /* libPods-PKPlayer.a */,
			);
			name = Frameworks;
			sourceTree = "<group>";
		};
		D7277567206CEC920078CB44 /* viewControllers */ = {
			isa = PBXGroup;
			children = (
				D779807B25D22CE100375EE4 /* 音频截取 */,
				D7E3110D24D977300086D68D /* 录音 */,
				D731C2C4228908AD007FC473 /* 视图 */,
				D7277581206E29690078CB44 /* 基础 */,
				D7277574206E09A40078CB44 /* 本地文件 */,
				D727756B206D02DB0078CB44 /* 首页 */,
			);
			path = viewControllers;
			sourceTree = "<group>";
		};
		D727756B206D02DB0078CB44 /* 首页 */ = {
			isa = PBXGroup;
			children = (
				D727756C206D03290078CB44 /* PKMainViewController.h */,
				D727756D206D03290078CB44 /* PKMainViewController.m */,
				D7D7CA7A236FFC6700AEA417 /* PKFlexMainViewController.h */,
				D7D7CA7B236FFC6700AEA417 /* PKFlexMainViewController.m */,
				D7D7CA822371516200AEA417 /* PKFrameViewController.h */,
				D7D7CA832371516200AEA417 /* PKFrameViewController.m */,
				D727756F206D28140078CB44 /* PKMainViewTableViewCell.h */,
				D7277570206D28140078CB44 /* PKMainViewTableViewCell.m */,
			);
			path = "首页";
			sourceTree = "<group>";
		};
		D7277573206DDE920078CB44 /* models */ = {
			isa = PBXGroup;
			children = (
				D72775822071C3280078CB44 /* PKFileModel.h */,
				D72775832071C3280078CB44 /* PKFileModel.m */,
			);
			path = models;
			sourceTree = "<group>";
		};
		D7277574206E09A40078CB44 /* 本地文件 */ = {
			isa = PBXGroup;
			children = (
				D7277575206E0E0C0078CB44 /* PKLocalFileViewController.h */,
				D7277576206E0E0C0078CB44 /* PKLocalFileViewController.m */,
				D7BC9196209C8E47008044AE /* PKLocalFileCollectionViewCell.h */,
				D7BC9197209C8E47008044AE /* PKLocalFileCollectionViewCell.m */,
			);
			path = "本地文件";
			sourceTree = "<group>";
		};
		D7277578206E10660078CB44 /* service */ = {
			isa = PBXGroup;
			children = (
				D7BC919920A17D5F008044AE /* PKFilePhotoSourceService.h */,
				D7BC919A20A17D5F008044AE /* PKFilePhotoSourceService.m */,
				D7BC91B520A9396E008044AE /* PKiTunesScanService.h */,
				D7BC91B420A9396E008044AE /* PKiTunesScanService.m */,
				D70CD20C2227BED20088257C /* PKAudioWaveDisplayPlayer.h */,
				D70CD20D2227BED20088257C /* PKAudioWaveDisplayPlayer.mm */,
				D70CD20F2230CDE00088257C /* PKRealTimeAnalyzer.h */,
				D70CD2102230CDE00088257C /* PKRealTimeAnalyzer.mm */,
				D7E3111124D980480086D68D /* PKAudioRecordService.h */,
				D7E3111224D980490086D68D /* PKAudioRecordService.m */,
			);
			path = service;
			sourceTree = "<group>";
		};
		D727757C206E1E0D0078CB44 /* config */ = {
			isa = PBXGroup;
			children = (
				D727757E206E239D0078CB44 /* PKNotificationDefine.h */,
				D727757F206E239D0078CB44 /* PKNotificationDefine.m */,
				D7BC91B720A94322008044AE /* PKFileDefine.h */,
				D7BC91B820A94322008044AE /* PKFileDefine.m */,
				D7DD095222169B1F0020FECC /* PKUtilities.h */,
				D7DD095322169B1F0020FECC /* PKUtilities.m */,
			);
			path = config;
			sourceTree = "<group>";
		};
		D7277581206E29690078CB44 /* 基础 */ = {
			isa = PBXGroup;
			children = (
				D7277568206CEE9B0078CB44 /* PKBaseViewController.h */,
				D7277569206CEE9B0078CB44 /* PKBaseViewController.m */,
			);
			path = "基础";
			sourceTree = "<group>";
		};
		D731C2C4228908AD007FC473 /* 视图 */ = {
			isa = PBXGroup;
			children = (
				D731C2C5228908EA007FC473 /* PKSpectrumView.h */,
				D731C2C6228908EA007FC473 /* PKSpectrumView.m */,
			);
			path = "视图";
			sourceTree = "<group>";
		};
		D779807B25D22CE100375EE4 /* 音频截取 */ = {
			isa = PBXGroup;
			children = (
				D779807C25D22D4300375EE4 /* AudioExportViewController.h */,
				D779807D25D22D4300375EE4 /* AudioExportViewController.m */,
				D7662F2525D235790044EBEC /* AuidoTableViewCell.h */,
				D7662F2625D235790044EBEC /* AuidoTableViewCell.m */,
				D779808525D22DAB00375EE4 /* TVBVideoMusicExportSession.h */,
				D779808625D22DB000375EE4 /* TVBVideoMusicExportSession.m */,
			);
			path = "音频截取";
			sourceTree = "<group>";
		};
		D77C50E520F23B26005CC2A3 /* ffmpeg */ = {
			isa = PBXGroup;
			children = (
				D77C50E620F23B3B005CC2A3 /* include */,
				D77C515B20F23B42005CC2A3 /* lib */,
			);
			path = ffmpeg;
			sourceTree = "<group>";
		};
		D77C50E620F23B3B005CC2A3 /* include */ = {
			isa = PBXGroup;
			children = (
				D77C50E720F23B3B005CC2A3 /* libavfilter */,
				D77C50ED20F23B3B005CC2A3 /* libavutil */,
				D77C513C20F23B3B005CC2A3 /* libavdevice */,
				D77C513F20F23B3B005CC2A3 /* libavformat */,
				D77C514320F23B3B005CC2A3 /* libswscale */,
				D77C514620F23B3B005CC2A3 /* libavcodec */,
				D77C515820F23B3B005CC2A3 /* libswresample */,
			);
			path = include;
			sourceTree = "<group>";
		};
		D77C50E720F23B3B005CC2A3 /* libavfilter */ = {
			isa = PBXGroup;
			children = (
				D77C50E820F23B3B005CC2A3 /* version.h */,
				D77C50E920F23B3B005CC2A3 /* buffersrc.h */,
				D77C50EA20F23B3B005CC2A3 /* buffersink.h */,
				D77C50EB20F23B3B005CC2A3 /* avfilter.h */,
				D77C50EC20F23B3B005CC2A3 /* avfiltergraph.h */,
			);
			path = libavfilter;
			sourceTree = "<group>";
		};
		D77C50ED20F23B3B005CC2A3 /* libavutil */ = {
			isa = PBXGroup;
			children = (
				D77C50EE20F23B3B005CC2A3 /* hwcontext.h */,
				D77C50EF20F23B3B005CC2A3 /* time.h */,
				D77C50F020F23B3B005CC2A3 /* hwcontext_cuda.h */,
				D77C50F120F23B3B005CC2A3 /* intfloat.h */,
				D77C50F220F23B3B005CC2A3 /* error.h */,
				D77C50F320F23B3B005CC2A3 /* fifo.h */,
				D77C50F420F23B3B005CC2A3 /* blowfish.h */,
				D77C50F520F23B3B005CC2A3 /* replaygain.h */,
				D77C50F620F23B3B005CC2A3 /* version.h */,
				D77C50F720F23B3B005CC2A3 /* murmur3.h */,
				D77C50F820F23B3B005CC2A3 /* stereo3d.h */,
				D77C50F920F23B3B005CC2A3 /* samplefmt.h */,
				D77C50FA20F23B3B005CC2A3 /* pixdesc.h */,
				D77C50FB20F23B3B005CC2A3 /* base64.h */,
				D77C50FC20F23B3B005CC2A3 /* rational.h */,
				D77C50FD20F23B3B005CC2A3 /* sha.h */,
				D77C50FE20F23B3B005CC2A3 /* motion_vector.h */,
				D77C50FF20F23B3B005CC2A3 /* avconfig.h */,
				D77C510020F23B3B005CC2A3 /* lfg.h */,
				D77C510120F23B3B005CC2A3 /* avutil.h */,
				D77C510220F23B3B005CC2A3 /* xtea.h */,
				D77C510320F23B3B005CC2A3 /* crc.h */,
				D77C510420F23B3B005CC2A3 /* hwcontext_vdpau.h */,
				D77C510520F23B3B005CC2A3 /* frame.h */,
				D77C510620F23B3B005CC2A3 /* file.h */,
				D77C510720F23B3B005CC2A3 /* md5.h */,
				D77C510820F23B3B005CC2A3 /* cast5.h */,
				D77C510920F23B3B005CC2A3 /* hwcontext_vaapi.h */,
				D77C510A20F23B3B005CC2A3 /* spherical.h */,
				D77C510B20F23B3B005CC2A3 /* ffversion.h */,
				D77C510C20F23B3B005CC2A3 /* audio_fifo.h */,
				D77C510D20F23B3B005CC2A3 /* tree.h */,
				D77C510E20F23B3B005CC2A3 /* threadmessage.h */,
				D77C510F20F23B3B005CC2A3 /* attributes.h */,
				D77C511020F23B3B005CC2A3 /* adler32.h */,
				D77C511120F23B3B005CC2A3 /* hwcontext_d3d11va.h */,
				D77C511220F23B3B005CC2A3 /* timecode.h */,
				D77C511320F23B3B005CC2A3 /* sha512.h */,
				D77C511420F23B3B005CC2A3 /* hwcontext_dxva2.h */,
				D77C511520F23B3B005CC2A3 /* display.h */,
				D77C511620F23B3B005CC2A3 /* buffer.h */,
				D77C511720F23B3B005CC2A3 /* camellia.h */,
				D77C511820F23B3B005CC2A3 /* pixelutils.h */,
				D77C511920F23B3B005CC2A3 /* hwcontext_drm.h */,
				D77C511A20F23B3B005CC2A3 /* common.h */,
				D77C511B20F23B3B005CC2A3 /* hmac.h */,
				D77C511C20F23B3B005CC2A3 /* eval.h */,
				D77C511D20F23B3B005CC2A3 /* dict.h */,
				D77C511E20F23B3B005CC2A3 /* random_seed.h */,
				D77C511F20F23B3B005CC2A3 /* opt.h */,
				D77C512020F23B3B005CC2A3 /* mastering_display_metadata.h */,
				D77C512120F23B3B005CC2A3 /* log.h */,
				D77C512220F23B3B005CC2A3 /* aes.h */,
				D77C512320F23B3B005CC2A3 /* macros.h */,
				D77C512420F23B3B005CC2A3 /* bswap.h */,
				D77C512520F23B3B005CC2A3 /* rc4.h */,
				D77C512620F23B3B005CC2A3 /* tea.h */,
				D77C512720F23B3B005CC2A3 /* cpu.h */,
				D77C512820F23B3B005CC2A3 /* lzo.h */,
				D77C512920F23B3B005CC2A3 /* des.h */,
				D77C512A20F23B3B005CC2A3 /* channel_layout.h */,
				D77C512B20F23B3B005CC2A3 /* twofish.h */,
				D77C512C20F23B3B005CC2A3 /* imgutils.h */,
				D77C512D20F23B3B005CC2A3 /* hwcontext_videotoolbox.h */,
				D77C512E20F23B3B005CC2A3 /* mem.h */,
				D77C512F20F23B3B005CC2A3 /* parseutils.h */,
				D77C513020F23B3B005CC2A3 /* ripemd.h */,
				D77C513120F23B3B005CC2A3 /* bprint.h */,
				D77C513220F23B3B005CC2A3 /* hwcontext_qsv.h */,
				D77C513320F23B3B005CC2A3 /* pixfmt.h */,
				D77C513420F23B3B005CC2A3 /* aes_ctr.h */,
				D77C513520F23B3B005CC2A3 /* timestamp.h */,
				D77C513620F23B3B005CC2A3 /* downmix_info.h */,
				D77C513720F23B3B005CC2A3 /* avassert.h */,
				D77C513820F23B3B005CC2A3 /* hash.h */,
				D77C513920F23B3B005CC2A3 /* mathematics.h */,
				D77C513A20F23B3B005CC2A3 /* intreadwrite.h */,
				D77C513B20F23B3B005CC2A3 /* avstring.h */,
			);
			path = libavutil;
			sourceTree = "<group>";
		};
		D77C513C20F23B3B005CC2A3 /* libavdevice */ = {
			isa = PBXGroup;
			children = (
				D77C513D20F23B3B005CC2A3 /* version.h */,
				D77C513E20F23B3B005CC2A3 /* avdevice.h */,
			);
			path = libavdevice;
			sourceTree = "<group>";
		};
		D77C513F20F23B3B005CC2A3 /* libavformat */ = {
			isa = PBXGroup;
			children = (
				D77C514020F23B3B005CC2A3 /* version.h */,
				D77C514120F23B3B005CC2A3 /* avio.h */,
				D77C514220F23B3B005CC2A3 /* avformat.h */,
			);
			path = libavformat;
			sourceTree = "<group>";
		};
		D77C514320F23B3B005CC2A3 /* libswscale */ = {
			isa = PBXGroup;
			children = (
				D77C514420F23B3B005CC2A3 /* version.h */,
				D77C514520F23B3B005CC2A3 /* swscale.h */,
			);
			path = libswscale;
			sourceTree = "<group>";
		};
		D77C514620F23B3B005CC2A3 /* libavcodec */ = {
			isa = PBXGroup;
			children = (
				D77C514720F23B3B005CC2A3 /* avcodec.h */,
				D77C514820F23B3B005CC2A3 /* version.h */,
				D77C514920F23B3B005CC2A3 /* vdpau.h */,
				D77C514A20F23B3B005CC2A3 /* qsv.h */,
				D77C514B20F23B3B005CC2A3 /* vaapi.h */,
				D77C514C20F23B3B005CC2A3 /* videotoolbox.h */,
				D77C514D20F23B3B005CC2A3 /* xvmc.h */,
				D77C514E20F23B3B005CC2A3 /* mediacodec.h */,
				D77C514F20F23B3B005CC2A3 /* d3d11va.h */,
				D77C515020F23B3B005CC2A3 /* avfft.h */,
				D77C515120F23B3B005CC2A3 /* vda.h */,
				D77C515220F23B3B005CC2A3 /* jni.h */,
				D77C515320F23B3B005CC2A3 /* dirac.h */,
				D77C515420F23B3B005CC2A3 /* avdct.h */,
				D77C515520F23B3B005CC2A3 /* vorbis_parser.h */,
				D77C515620F23B3B005CC2A3 /* dxva2.h */,
				D77C515720F23B3B005CC2A3 /* dv_profile.h */,
			);
			path = libavcodec;
			sourceTree = "<group>";
		};
		D77C515820F23B3B005CC2A3 /* libswresample */ = {
			isa = PBXGroup;
			children = (
				D77C515920F23B3B005CC2A3 /* version.h */,
				D77C515A20F23B3B005CC2A3 /* swresample.h */,
			);
			path = libswresample;
			sourceTree = "<group>";
		};
		D77C515B20F23B42005CC2A3 /* lib */ = {
			isa = PBXGroup;
			children = (
				D77C515C20F23B42005CC2A3 /* libavutil.a */,
				D77C515D20F23B42005CC2A3 /* libavfilter.a */,
				D77C515E20F23B42005CC2A3 /* libavcodec.a */,
				D77C515F20F23B42005CC2A3 /* libavformat.a */,
				D77C516020F23B42005CC2A3 /* libavdevice.a */,
				D77C516120F23B42005CC2A3 /* libswresample.a */,
				D77C516220F23B42005CC2A3 /* libswscale.a */,
			);
			path = lib;
			sourceTree = "<group>";
		};
		D7BC919C20A2A289008044AE /* image */ = {
			isa = PBXGroup;
			children = (
				D7BC919D20A2A3D2008044AE /* PKImageCoder.h */,
				D7BC919E20A2A3D2008044AE /* PKImageCoder.m */,
			);
			path = image;
			sourceTree = "<group>";
		};
		D7BC91AF20A56FE9008044AE /* webp */ = {
			isa = PBXGroup;
			children = (
				D7BC91B020A5700C008044AE /* WebP.framework */,
			);
			path = webp;
			sourceTree = "<group>";
		};
		D7D7CA8123714F2C00AEA417 /* res */ = {
			isa = PBXGroup;
			children = (
				D7D7CA85237151A400AEA417 /* FrameVC.xml */,
				D7D7CA8D237158A900AEA417 /* PKFlexMainViewController.xml */,
				D7D7CA87237154D900AEA417 /* system.style */,
			);
			path = res;
			sourceTree = "<group>";
		};
		D7DD09512215814F0020FECC /* category */ = {
			isa = PBXGroup;
			children = (
			);
			path = category;
			sourceTree = "<group>";
		};
		D7E3110D24D977300086D68D /* 录音 */ = {
			isa = PBXGroup;
			children = (
				D7E3110E24D977780086D68D /* PKRecordViewController.h */,
				D7E3110F24D977780086D68D /* PKRecordViewController.m */,
				D7D53E6724FF7A8200CD65EC /* LFAudioCapture.h */,
				D7D53E6424FF7A8100CD65EC /* LFAudioCapture.m */,
				D7D53E6524FF7A8200CD65EC /* LFLiveAudioConfiguration.h */,
				D7D53E6624FF7A8200CD65EC /* LFLiveAudioConfiguration.m */,
			);
			path = "录音";
			sourceTree = "<group>";
		};
		D7FC7178209758CB000AA2A5 /* common */ = {
			isa = PBXGroup;
			children = (
				D7DD09512215814F0020FECC /* category */,
				D7BC919C20A2A289008044AE /* image */,
				D7FC7179209758D8000AA2A5 /* mp3 */,
			);
			path = common;
			sourceTree = "<group>";
		};
		D7FC7179209758D8000AA2A5 /* mp3 */ = {
			isa = PBXGroup;
			children = (
				D7FC717E20975939000AA2A5 /* mp3_encoder.cpp */,
				D7FC717F20975939000AA2A5 /* mp3_encoder.h */,
			);
			path = mp3;
			sourceTree = "<group>";
		};
		D7FC717A209758F5000AA2A5 /* lame */ = {
			isa = PBXGroup;
			children = (
				D7FC71822098A4A2000AA2A5 /* lib */,
				D7FC71812098A471000AA2A5 /* include */,
			);
			path = lame;
			sourceTree = "<group>";
		};
		D7FC71812098A471000AA2A5 /* include */ = {
			isa = PBXGroup;
			children = (
				D7FC717D2097591B000AA2A5 /* lame.h */,
			);
			path = include;
			sourceTree = "<group>";
		};
		D7FC71822098A4A2000AA2A5 /* lib */ = {
			isa = PBXGroup;
			children = (
				D7FC717B209758FF000AA2A5 /* libmp3lame.a */,
			);
			path = lib;
			sourceTree = "<group>";
		};
/* End PBXGroup section */

/* Begin PBXNativeTarget section */
		D727750F206C82210078CB44 /* PKPlayer */ = {
			isa = PBXNativeTarget;
			buildConfigurationList = D727753C206C82220078CB44 /* Build configuration list for PBXNativeTarget "PKPlayer" */;
			buildPhases = (
				115A480B3C7DD768F3B30344 /* [CP] Check Pods Manifest.lock */,
				D727750C206C82210078CB44 /* Sources */,
				D727750D206C82210078CB44 /* Frameworks */,
				D727750E206C82210078CB44 /* Resources */,
				32F42C591B8E464A2C507C44 /* [CP] Copy Pods Resources */,
			);
			buildRules = (
			);
			dependencies = (
			);
			name = PKPlayer;
			productName = PKPlayer;
			productReference = D7277510206C82210078CB44 /* PKPlayer.app */;
			productType = "com.apple.product-type.application";
		};
		D7277527206C82220078CB44 /* PKPlayerTests */ = {
			isa = PBXNativeTarget;
			buildConfigurationList = D727753F206C82220078CB44 /* Build configuration list for PBXNativeTarget "PKPlayerTests" */;
			buildPhases = (
				D7277524206C82220078CB44 /* Sources */,
				D7277525206C82220078CB44 /* Frameworks */,
				D7277526206C82220078CB44 /* Resources */,
			);
			buildRules = (
			);
			dependencies = (
				D727752A206C82220078CB44 /* PBXTargetDependency */,
			);
			name = PKPlayerTests;
			productName = PKPlayerTests;
			productReference = D7277528206C82220078CB44 /* PKPlayerTests.xctest */;
			productType = "com.apple.product-type.bundle.unit-test";
		};
		D7277532206C82220078CB44 /* PKPlayerUITests */ = {
			isa = PBXNativeTarget;
			buildConfigurationList = D7277542206C82220078CB44 /* Build configuration list for PBXNativeTarget "PKPlayerUITests" */;
			buildPhases = (
				D727752F206C82220078CB44 /* Sources */,
				D7277530206C82220078CB44 /* Frameworks */,
				D7277531206C82220078CB44 /* Resources */,
			);
			buildRules = (
			);
			dependencies = (
				D7277535206C82220078CB44 /* PBXTargetDependency */,
			);
			name = PKPlayerUITests;
			productName = PKPlayerUITests;
			productReference = D7277533206C82220078CB44 /* PKPlayerUITests.xctest */;
			productType = "com.apple.product-type.bundle.ui-testing";
		};
/* End PBXNativeTarget section */

/* Begin PBXProject section */
		D7277508206C82210078CB44 /* Project object */ = {
			isa = PBXProject;
			attributes = {
				LastUpgradeCheck = 0930;
				ORGANIZATIONNAME = PeterKwok;
				TargetAttributes = {
					D727750F206C82210078CB44 = {
						CreatedOnToolsVersion = 9.2;
						ProvisioningStyle = Automatic;
					};
					D7277527206C82220078CB44 = {
						CreatedOnToolsVersion = 9.2;
						ProvisioningStyle = Automatic;
						TestTargetID = D727750F206C82210078CB44;
					};
					D7277532206C82220078CB44 = {
						CreatedOnToolsVersion = 9.2;
						ProvisioningStyle = Automatic;
						TestTargetID = D727750F206C82210078CB44;
					};
				};
			};
			buildConfigurationList = D727750B206C82210078CB44 /* Build configuration list for PBXProject "PKPlayer" */;
			compatibilityVersion = "Xcode 8.0";
			developmentRegion = en;
			hasScannedForEncodings = 0;
			knownRegions = (
				en,
				Base,
			);
			mainGroup = D7277507206C82210078CB44;
			productRefGroup = D7277511206C82210078CB44 /* Products */;
			projectDirPath = "";
			projectRoot = "";
			targets = (
				D727750F206C82210078CB44 /* PKPlayer */,
				D7277527206C82220078CB44 /* PKPlayerTests */,
				D7277532206C82220078CB44 /* PKPlayerUITests */,
			);
		};
/* End PBXProject section */

/* Begin PBXResourcesBuildPhase section */
		D727750E206C82210078CB44 /* Resources */ = {
			isa = PBXResourcesBuildPhase;
			buildActionMask = 2147483647;
			files = (
				D7D7CA88237154D900AEA417 /* system.style in Resources */,
				D7D7CA86237151A400AEA417 /* FrameVC.xml in Resources */,
				D7D7CA8E237158AA00AEA417 /* PKFlexMainViewController.xml in Resources */,
				D7277520206C82210078CB44 /* LaunchScreen.storyboard in Resources */,
				D727751D206C82210078CB44 /* Assets.xcassets in Resources */,
			);
			runOnlyForDeploymentPostprocessing = 0;
		};
		D7277526206C82220078CB44 /* Resources */ = {
			isa = PBXResourcesBuildPhase;
			buildActionMask = 2147483647;
			files = (
			);
			runOnlyForDeploymentPostprocessing = 0;
		};
		D7277531206C82220078CB44 /* Resources */ = {
			isa = PBXResourcesBuildPhase;
			buildActionMask = 2147483647;
			files = (
			);
			runOnlyForDeploymentPostprocessing = 0;
		};
/* End PBXResourcesBuildPhase section */

/* Begin PBXShellScriptBuildPhase section */
		115A480B3C7DD768F3B30344 /* [CP] Check Pods Manifest.lock */ = {
			isa = PBXShellScriptBuildPhase;
			buildActionMask = 2147483647;
			files = (
			);
			inputPaths = (
				"${PODS_PODFILE_DIR_PATH}/Podfile.lock",
				"${PODS_ROOT}/Manifest.lock",
			);
			name = "[CP] Check Pods Manifest.lock";
			outputPaths = (
				"$(DERIVED_FILE_DIR)/Pods-PKPlayer-checkManifestLockResult.txt",
			);
			runOnlyForDeploymentPostprocessing = 0;
			shellPath = /bin/sh;
			shellScript = "diff \"${PODS_PODFILE_DIR_PATH}/Podfile.lock\" \"${PODS_ROOT}/Manifest.lock\" > /dev/null\nif [ $? != 0 ] ; then\n    # print error to STDERR\n    echo \"error: The sandbox is not in sync with the Podfile.lock. Run 'pod install' or update your CocoaPods installation.\" >&2\n    exit 1\nfi\n# This output is used by Xcode 'outputs' to avoid re-running this script phase.\necho \"SUCCESS\" > \"${SCRIPT_OUTPUT_FILE_0}\"\n";
			showEnvVarsInLog = 0;
		};
		32F42C591B8E464A2C507C44 /* [CP] Copy Pods Resources */ = {
			isa = PBXShellScriptBuildPhase;
			buildActionMask = 2147483647;
			files = (
			);
			inputPaths = (
				"${PODS_ROOT}/Target Support Files/Pods-PKPlayer/Pods-PKPlayer-resources.sh",
				"${PODS_CONFIGURATION_BUILD_DIR}/FlexLib/FlexLib.bundle",
			);
			name = "[CP] Copy Pods Resources";
			outputPaths = (
				"${TARGET_BUILD_DIR}/${UNLOCALIZED_RESOURCES_FOLDER_PATH}/FlexLib.bundle",
			);
			runOnlyForDeploymentPostprocessing = 0;
			shellPath = /bin/sh;
			shellScript = "\"${PODS_ROOT}/Target Support Files/Pods-PKPlayer/Pods-PKPlayer-resources.sh\"\n";
			showEnvVarsInLog = 0;
		};
/* End PBXShellScriptBuildPhase section */

/* Begin PBXSourcesBuildPhase section */
		D727750C206C82210078CB44 /* Sources */ = {
			isa = PBXSourcesBuildPhase;
			buildActionMask = 2147483647;
			files = (
				D7662F2725D235790044EBEC /* AuidoTableViewCell.m in Sources */,
				D7D53E6824FF7A8200CD65EC /* LFAudioCapture.m in Sources */,
				D7D53E6924FF7A8200CD65EC /* LFLiveAudioConfiguration.m in Sources */,
				D70CD2112230CDE10088257C /* PKRealTimeAnalyzer.mm in Sources */,
				D72775842071C3280078CB44 /* PKFileModel.m in Sources */,
				D7BC91B620A9396E008044AE /* PKiTunesScanService.m in Sources */,
				D7E3111024D977780086D68D /* PKRecordViewController.m in Sources */,
				D7BC9198209C8E47008044AE /* PKLocalFileCollectionViewCell.m in Sources */,
				D7277523206C82210078CB44 /* main.m in Sources */,
				D7E3111324D980490086D68D /* PKAudioRecordService.m in Sources */,
				D727756A206CEE9B0078CB44 /* PKBaseViewController.m in Sources */,
				D731C2C7228908EC007FC473 /* PKSpectrumView.m in Sources */,
				D7277580206E239D0078CB44 /* PKNotificationDefine.m in Sources */,
				D7D7CA7C236FFC6700AEA417 /* PKFlexMainViewController.m in Sources */,
				D7277577206E0E0C0078CB44 /* PKLocalFileViewController.m in Sources */,
				D7FC718020975939000AA2A5 /* mp3_encoder.cpp in Sources */,
				D7D7CA842371516200AEA417 /* PKFrameViewController.m in Sources */,
				D70CD20E2227BED20088257C /* PKAudioWaveDisplayPlayer.mm in Sources */,
				D779807E25D22D4300375EE4 /* AudioExportViewController.m in Sources */,
				D7277515206C82210078CB44 /* AppDelegate.m in Sources */,
				D7BC919F20A2A3D2008044AE /* PKImageCoder.m in Sources */,
				D7DD095422169B1F0020FECC /* PKUtilities.m in Sources */,
				D7BC919B20A17D5F008044AE /* PKFilePhotoSourceService.m in Sources */,
				D7277571206D28140078CB44 /* PKMainViewTableViewCell.m in Sources */,
				D779808725D22DB300375EE4 /* TVBVideoMusicExportSession.m in Sources */,
				D727756E206D03290078CB44 /* PKMainViewController.m in Sources */,
				D7BC91B920A94322008044AE /* PKFileDefine.m in Sources */,
			);
			runOnlyForDeploymentPostprocessing = 0;
		};
		D7277524206C82220078CB44 /* Sources */ = {
			isa = PBXSourcesBuildPhase;
			buildActionMask = 2147483647;
			files = (
				D727752D206C82220078CB44 /* PKPlayerTests.m in Sources */,
			);
			runOnlyForDeploymentPostprocessing = 0;
		};
		D727752F206C82220078CB44 /* Sources */ = {
			isa = PBXSourcesBuildPhase;
			buildActionMask = 2147483647;
			files = (
				D7277538206C82220078CB44 /* PKPlayerUITests.m in Sources */,
			);
			runOnlyForDeploymentPostprocessing = 0;
		};
/* End PBXSourcesBuildPhase section */

/* Begin PBXTargetDependency section */
		D727752A206C82220078CB44 /* PBXTargetDependency */ = {
			isa = PBXTargetDependency;
			target = D727750F206C82210078CB44 /* PKPlayer */;
			targetProxy = D7277529206C82220078CB44 /* PBXContainerItemProxy */;
		};
		D7277535206C82220078CB44 /* PBXTargetDependency */ = {
			isa = PBXTargetDependency;
			target = D727750F206C82210078CB44 /* PKPlayer */;
			targetProxy = D7277534206C82220078CB44 /* PBXContainerItemProxy */;
		};
/* End PBXTargetDependency section */

/* Begin PBXVariantGroup section */
		D727751E206C82210078CB44 /* LaunchScreen.storyboard */ = {
			isa = PBXVariantGroup;
			children = (
				D727751F206C82210078CB44 /* Base */,
			);
			name = LaunchScreen.storyboard;
			sourceTree = "<group>";
		};
/* End PBXVariantGroup section */

/* Begin XCBuildConfiguration section */
		D727753A206C82220078CB44 /* Debug */ = {
			isa = XCBuildConfiguration;
			buildSettings = {
				ALWAYS_SEARCH_USER_PATHS = NO;
				CLANG_ANALYZER_NONNULL = YES;
				CLANG_ANALYZER_NUMBER_OBJECT_CONVERSION = YES_AGGRESSIVE;
				CLANG_CXX_LANGUAGE_STANDARD = "gnu++14";
				CLANG_CXX_LIBRARY = "libc++";
				CLANG_ENABLE_MODULES = YES;
				CLANG_ENABLE_OBJC_ARC = YES;
				CLANG_WARN_BLOCK_CAPTURE_AUTORELEASING = YES;
				CLANG_WARN_BOOL_CONVERSION = YES;
				CLANG_WARN_COMMA = YES;
				CLANG_WARN_CONSTANT_CONVERSION = YES;
				CLANG_WARN_DEPRECATED_OBJC_IMPLEMENTATIONS = YES;
				CLANG_WARN_DIRECT_OBJC_ISA_USAGE = YES_ERROR;
				CLANG_WARN_DOCUMENTATION_COMMENTS = YES;
				CLANG_WARN_EMPTY_BODY = YES;
				CLANG_WARN_ENUM_CONVERSION = YES;
				CLANG_WARN_INFINITE_RECURSION = YES;
				CLANG_WARN_INT_CONVERSION = YES;
				CLANG_WARN_NON_LITERAL_NULL_CONVERSION = YES;
				CLANG_WARN_OBJC_IMPLICIT_RETAIN_SELF = YES;
				CLANG_WARN_OBJC_LITERAL_CONVERSION = YES;
				CLANG_WARN_OBJC_ROOT_CLASS = YES_ERROR;
				CLANG_WARN_RANGE_LOOP_ANALYSIS = YES;
				CLANG_WARN_STRICT_PROTOTYPES = YES;
				CLANG_WARN_SUSPICIOUS_MOVE = YES;
				CLANG_WARN_UNGUARDED_AVAILABILITY = YES_AGGRESSIVE;
				CLANG_WARN_UNREACHABLE_CODE = YES;
				CLANG_WARN__DUPLICATE_METHOD_MATCH = YES;
				CODE_SIGN_IDENTITY = "iPhone Developer";
				COPY_PHASE_STRIP = NO;
				DEBUG_INFORMATION_FORMAT = dwarf;
				ENABLE_STRICT_OBJC_MSGSEND = YES;
				ENABLE_TESTABILITY = YES;
				GCC_C_LANGUAGE_STANDARD = gnu11;
				GCC_DYNAMIC_NO_PIC = NO;
				GCC_NO_COMMON_BLOCKS = YES;
				GCC_OPTIMIZATION_LEVEL = 0;
				GCC_PREPROCESSOR_DEFINITIONS = (
					"DEBUG=1",
					"$(inherited)",
				);
				GCC_WARN_64_TO_32_BIT_CONVERSION = YES;
				GCC_WARN_ABOUT_RETURN_TYPE = YES_ERROR;
				GCC_WARN_UNDECLARED_SELECTOR = YES;
				GCC_WARN_UNINITIALIZED_AUTOS = YES_AGGRESSIVE;
				GCC_WARN_UNUSED_FUNCTION = YES;
				GCC_WARN_UNUSED_VARIABLE = YES;
				IPHONEOS_DEPLOYMENT_TARGET = 11.2;
				MTL_ENABLE_DEBUG_INFO = YES;
				ONLY_ACTIVE_ARCH = YES;
				SDKROOT = iphoneos;
			};
			name = Debug;
		};
		D727753B206C82220078CB44 /* Release */ = {
			isa = XCBuildConfiguration;
			buildSettings = {
				ALWAYS_SEARCH_USER_PATHS = NO;
				CLANG_ANALYZER_NONNULL = YES;
				CLANG_ANALYZER_NUMBER_OBJECT_CONVERSION = YES_AGGRESSIVE;
				CLANG_CXX_LANGUAGE_STANDARD = "gnu++14";
				CLANG_CXX_LIBRARY = "libc++";
				CLANG_ENABLE_MODULES = YES;
				CLANG_ENABLE_OBJC_ARC = YES;
				CLANG_WARN_BLOCK_CAPTURE_AUTORELEASING = YES;
				CLANG_WARN_BOOL_CONVERSION = YES;
				CLANG_WARN_COMMA = YES;
				CLANG_WARN_CONSTANT_CONVERSION = YES;
				CLANG_WARN_DEPRECATED_OBJC_IMPLEMENTATIONS = YES;
				CLANG_WARN_DIRECT_OBJC_ISA_USAGE = YES_ERROR;
				CLANG_WARN_DOCUMENTATION_COMMENTS = YES;
				CLANG_WARN_EMPTY_BODY = YES;
				CLANG_WARN_ENUM_CONVERSION = YES;
				CLANG_WARN_INFINITE_RECURSION = YES;
				CLANG_WARN_INT_CONVERSION = YES;
				CLANG_WARN_NON_LITERAL_NULL_CONVERSION = YES;
				CLANG_WARN_OBJC_IMPLICIT_RETAIN_SELF = YES;
				CLANG_WARN_OBJC_LITERAL_CONVERSION = YES;
				CLANG_WARN_OBJC_ROOT_CLASS = YES_ERROR;
				CLANG_WARN_RANGE_LOOP_ANALYSIS = YES;
				CLANG_WARN_STRICT_PROTOTYPES = YES;
				CLANG_WARN_SUSPICIOUS_MOVE = YES;
				CLANG_WARN_UNGUARDED_AVAILABILITY = YES_AGGRESSIVE;
				CLANG_WARN_UNREACHABLE_CODE = YES;
				CLANG_WARN__DUPLICATE_METHOD_MATCH = YES;
				CODE_SIGN_IDENTITY = "iPhone Developer";
				COPY_PHASE_STRIP = NO;
				DEBUG_INFORMATION_FORMAT = "dwarf-with-dsym";
				ENABLE_NS_ASSERTIONS = NO;
				ENABLE_STRICT_OBJC_MSGSEND = YES;
				GCC_C_LANGUAGE_STANDARD = gnu11;
				GCC_NO_COMMON_BLOCKS = YES;
				GCC_WARN_64_TO_32_BIT_CONVERSION = YES;
				GCC_WARN_ABOUT_RETURN_TYPE = YES_ERROR;
				GCC_WARN_UNDECLARED_SELECTOR = YES;
				GCC_WARN_UNINITIALIZED_AUTOS = YES_AGGRESSIVE;
				GCC_WARN_UNUSED_FUNCTION = YES;
				GCC_WARN_UNUSED_VARIABLE = YES;
				IPHONEOS_DEPLOYMENT_TARGET = 11.2;
				MTL_ENABLE_DEBUG_INFO = NO;
				SDKROOT = iphoneos;
				VALIDATE_PRODUCT = YES;
			};
			name = Release;
		};
		D727753D206C82220078CB44 /* Debug */ = {
			isa = XCBuildConfiguration;
			baseConfigurationReference = 388C1DD0EA00D320FFD18531 /* Pods-PKPlayer.debug.xcconfig */;
			buildSettings = {
				ASSETCATALOG_COMPILER_APPICON_NAME = AppIcon;
				CODE_SIGN_STYLE = Automatic;
				DEVELOPMENT_TEAM = 857BM7QE6E;
				FRAMEWORK_SEARCH_PATHS = (
					"$(inherited)",
					"$(PROJECT_DIR)/PKPlayer/openSource",
					"$(PROJECT_DIR)/PKPlayer/openSource/webp",
				);
				GCC_PRECOMPILE_PREFIX_HEADER = YES;
				GCC_PREFIX_HEADER = "$(SRCROOT)/PKPlayer/PrefixHeader.pch";
				HEADER_SEARCH_PATHS = (
					"$(inherited)",
					"\"${PODS_ROOT}/Headers/Public\"",
					"\"${PODS_ROOT}/Headers/Public/AFNetworking\"",
					"\"${PODS_ROOT}/Headers/Public/FMDB\"",
					"\"${PODS_ROOT}/Headers/Public/Masonry\"",
					"\"${PODS_ROOT}/Headers/Public/PINCache\"",
					"\"${PODS_ROOT}/Headers/Public/SDWebImage\"",
					"$(PROJECT_DIR)/PKPlayer/openSource/lame/include",
					"$(PROJECT_DIR)/PKPlayer/openSource/ffmpeg/include",
				);
				INFOPLIST_FILE = PKPlayer/Info.plist;
				LD_RUNPATH_SEARCH_PATHS = "$(inherited) @executable_path/Frameworks";
				LIBRARY_SEARCH_PATHS = (
					"$(inherited)",
					"$(PROJECT_DIR)/PKPlayer/openSource/lame/lib",
					"$(PROJECT_DIR)/PKPlayer/openSource/ffmpeg/lib",
				);
				PRODUCT_BUNDLE_IDENTIFIER = "handmuch-icloud.com.PKPlayer";
				PRODUCT_NAME = "$(TARGET_NAME)";
				TARGETED_DEVICE_FAMILY = "1,2";
			};
			name = Debug;
		};
		D727753E206C82220078CB44 /* Release */ = {
			isa = XCBuildConfiguration;
			baseConfigurationReference = 98FCB6352CFCC367E0620FCB /* Pods-PKPlayer.release.xcconfig */;
			buildSettings = {
				ASSETCATALOG_COMPILER_APPICON_NAME = AppIcon;
				CODE_SIGN_STYLE = Automatic;
				DEVELOPMENT_TEAM = 857BM7QE6E;
				FRAMEWORK_SEARCH_PATHS = (
					"$(inherited)",
					"$(PROJECT_DIR)/PKPlayer/openSource",
					"$(PROJECT_DIR)/PKPlayer/openSource/webp",
				);
				GCC_PRECOMPILE_PREFIX_HEADER = YES;
				GCC_PREFIX_HEADER = "$(SRCROOT)/PKPlayer/PrefixHeader.pch";
				HEADER_SEARCH_PATHS = (
					"$(inherited)",
					"\"${PODS_ROOT}/Headers/Public\"",
					"\"${PODS_ROOT}/Headers/Public/AFNetworking\"",
					"\"${PODS_ROOT}/Headers/Public/FMDB\"",
					"\"${PODS_ROOT}/Headers/Public/Masonry\"",
					"\"${PODS_ROOT}/Headers/Public/PINCache\"",
					"\"${PODS_ROOT}/Headers/Public/SDWebImage\"",
					"$(PROJECT_DIR)/PKPlayer/openSource/lame/include",
					"$(PROJECT_DIR)/PKPlayer/openSource/ffmpeg/include",
				);
				INFOPLIST_FILE = PKPlayer/Info.plist;
				LD_RUNPATH_SEARCH_PATHS = "$(inherited) @executable_path/Frameworks";
				LIBRARY_SEARCH_PATHS = (
					"$(inherited)",
					"$(PROJECT_DIR)/PKPlayer/openSource/lame/lib",
					"$(PROJECT_DIR)/PKPlayer/openSource/ffmpeg/lib",
				);
				PRODUCT_BUNDLE_IDENTIFIER = "handmuch-icloud.com.PKPlayer";
				PRODUCT_NAME = "$(TARGET_NAME)";
				TARGETED_DEVICE_FAMILY = "1,2";
			};
			name = Release;
		};
		D7277540206C82220078CB44 /* Debug */ = {
			isa = XCBuildConfiguration;
			buildSettings = {
				BUNDLE_LOADER = "$(TEST_HOST)";
				CODE_SIGN_STYLE = Automatic;
				DEVELOPMENT_TEAM = B4P29YC2AK;
				INFOPLIST_FILE = PKPlayerTests/Info.plist;
				LD_RUNPATH_SEARCH_PATHS = "$(inherited) @executable_path/Frameworks @loader_path/Frameworks";
				PRODUCT_BUNDLE_IDENTIFIER = "handmuch-icloud.com.PKPlayerTests";
				PRODUCT_NAME = "$(TARGET_NAME)";
				TARGETED_DEVICE_FAMILY = "1,2";
				TEST_HOST = "$(BUILT_PRODUCTS_DIR)/PKPlayer.app/PKPlayer";
			};
			name = Debug;
		};
		D7277541206C82220078CB44 /* Release */ = {
			isa = XCBuildConfiguration;
			buildSettings = {
				BUNDLE_LOADER = "$(TEST_HOST)";
				CODE_SIGN_STYLE = Automatic;
				DEVELOPMENT_TEAM = B4P29YC2AK;
				INFOPLIST_FILE = PKPlayerTests/Info.plist;
				LD_RUNPATH_SEARCH_PATHS = "$(inherited) @executable_path/Frameworks @loader_path/Frameworks";
				PRODUCT_BUNDLE_IDENTIFIER = "handmuch-icloud.com.PKPlayerTests";
				PRODUCT_NAME = "$(TARGET_NAME)";
				TARGETED_DEVICE_FAMILY = "1,2";
				TEST_HOST = "$(BUILT_PRODUCTS_DIR)/PKPlayer.app/PKPlayer";
			};
			name = Release;
		};
		D7277543206C82220078CB44 /* Debug */ = {
			isa = XCBuildConfiguration;
			buildSettings = {
				CODE_SIGN_STYLE = Automatic;
				DEVELOPMENT_TEAM = B4P29YC2AK;
				INFOPLIST_FILE = PKPlayerUITests/Info.plist;
				LD_RUNPATH_SEARCH_PATHS = "$(inherited) @executable_path/Frameworks @loader_path/Frameworks";
				PRODUCT_BUNDLE_IDENTIFIER = "handmuch-icloud.com.PKPlayerUITests";
				PRODUCT_NAME = "$(TARGET_NAME)";
				TARGETED_DEVICE_FAMILY = "1,2";
				TEST_TARGET_NAME = PKPlayer;
			};
			name = Debug;
		};
		D7277544206C82220078CB44 /* Release */ = {
			isa = XCBuildConfiguration;
			buildSettings = {
				CODE_SIGN_STYLE = Automatic;
				DEVELOPMENT_TEAM = B4P29YC2AK;
				INFOPLIST_FILE = PKPlayerUITests/Info.plist;
				LD_RUNPATH_SEARCH_PATHS = "$(inherited) @executable_path/Frameworks @loader_path/Frameworks";
				PRODUCT_BUNDLE_IDENTIFIER = "handmuch-icloud.com.PKPlayerUITests";
				PRODUCT_NAME = "$(TARGET_NAME)";
				TARGETED_DEVICE_FAMILY = "1,2";
				TEST_TARGET_NAME = PKPlayer;
			};
			name = Release;
		};
/* End XCBuildConfiguration section */

/* Begin XCConfigurationList section */
		D727750B206C82210078CB44 /* Build configuration list for PBXProject "PKPlayer" */ = {
			isa = XCConfigurationList;
			buildConfigurations = (
				D727753A206C82220078CB44 /* Debug */,
				D727753B206C82220078CB44 /* Release */,
			);
			defaultConfigurationIsVisible = 0;
			defaultConfigurationName = Release;
		};
		D727753C206C82220078CB44 /* Build configuration list for PBXNativeTarget "PKPlayer" */ = {
			isa = XCConfigurationList;
			buildConfigurations = (
				D727753D206C82220078CB44 /* Debug */,
				D727753E206C82220078CB44 /* Release */,
			);
			defaultConfigurationIsVisible = 0;
			defaultConfigurationName = Release;
		};
		D727753F206C82220078CB44 /* Build configuration list for PBXNativeTarget "PKPlayerTests" */ = {
			isa = XCConfigurationList;
			buildConfigurations = (
				D7277540206C82220078CB44 /* Debug */,
				D7277541206C82220078CB44 /* Release */,
			);
			defaultConfigurationIsVisible = 0;
			defaultConfigurationName = Release;
		};
		D7277542206C82220078CB44 /* Build configuration list for PBXNativeTarget "PKPlayerUITests" */ = {
			isa = XCConfigurationList;
			buildConfigurations = (
				D7277543206C82220078CB44 /* Debug */,
				D7277544206C82220078CB44 /* Release */,
			);
			defaultConfigurationIsVisible = 0;
			defaultConfigurationName = Release;
		};
/* End XCConfigurationList section */
	};
	rootObject = D7277508206C82210078CB44 /* Project object */;
}
